PODS:
  - EasyTipView (2.1.0)
  - Parchment (2.4.0)
  - QuickLayout (3.0.0)
  - Realm (5.1.0):
    - Realm/Headers (= 5.1.0)
  - Realm/Headers (5.1.0)
  - RealmSwift (5.1.0):
    - Realm (= 5.1.0)
  - SDWebImage (5.8.1):
    - SDWebImage/Core (= 5.8.1)
  - SDWebImage/Core (5.8.1)
  - SDWebImagePhotosPlugin (1.1.0):
    - SDWebImage/Core (~> 5.5)
  - SnapKit (5.0.1)
  - SPAlert (2.1.4)
  - SwiftEntryKit (1.2.3):
    - QuickLayout (= 3.0.0)
  - SwiftRichString (3.7.2)
  - SwiftyJSON (4.3.0)
  - WhatsNewKit (1.3.4)

DEPENDENCIES:
  - EasyTipView (~> 2.1)
  - Parchment
  - QuickLayout
  - RealmSwift
  - SDWebImage (~> 5.0)
  - SDWebImagePhotosPlugin
  - SnapKit
  - SPAlert
  - SwiftEntryKit
  - SwiftRichString
  - SwiftyJSON (~> 4.0)
  - WhatsNewKit

SPEC REPOS:
  trunk:
    - EasyTipView
    - Parchment
    - QuickLayout
    - Realm
    - RealmSwift
    - SDWebImage
    - SDWebImagePhotosPlugin
    - SnapKit
    - SPAlert
    - SwiftEntryKit
    - SwiftRichString
    - SwiftyJSON
    - WhatsNewKit

SPEC CHECKSUMS:
  EasyTipView: a92b6edc377b81c5ac18e9fd35d5ee78e9409488
  Parchment: 002785473861582385db5c6725165353c500198e
  QuickLayout: 07b45a72b10083fee3f095990cfed1c1e7b27f0a
  Realm: bdea546851e37b4cf0a2400cef115c7c26fda488
  RealmSwift: 70945aa168db93b215c460e9c8ef680261aa28af
  SDWebImage: e3eae2eda88578db0685a0c88597fdadd9433f05
  SDWebImagePhotosPlugin: 8ffaf65a06f44a1e5f9ad0bcddf78e515cbe55ef
  SnapKit: 97b92857e3df3a0c71833cce143274bf6ef8e5eb
  SPAlert: 1a8afa1c6ac86a82ab5b2cfdf7f9a51e68cb6c0c
  SwiftEntryKit: 340713c2e4a6662c5149629990bf1088bf5f0389
  SwiftRichString: d61b807db1f8834c26fee92b6dd3e1be2dc5af03
  SwiftyJSON: 6faa0040f8b59dead0ee07436cbf76b73c08fd08
  WhatsNewKit: 35f25faa0e17f3ad9b825ba46b13a14279972973

PODFILE CHECKSUM: 7af2f63370db9e82b917a490321d4634579eb821

COCOAPODS: 1.10.0
