PODS:
  - QuickLayout (3.0.0)
  - SDWebImage (5.11.1):
    - SDWebImage/Core (= 5.11.1)
  - SDWebImage/Core (5.11.1)
  - SDWebImagePhotosPlugin (1.2.0):
    - SDWebImage/Core (~> 5.10)
  - SnapKit (5.0.1)
  - SPAlert (3.4.0)
  - SwiftEntryKit (1.2.7):
    - QuickLayout (= 3.0.0)
  - SwiftRichString (3.7.2)
  - SwiftyJSON (4.3.0)

DEPENDENCIES:
  - QuickLayout
  - SDWebImage (~> 5.0)
  - SDWebImagePhotosPlugin
  - SnapKit
  - SPAlert
  - SwiftEntryKit
  - SwiftRichString
  - SwiftyJSON (~> 4.0)

SPEC REPOS:
  trunk:
    - QuickLayout
    - SDWebImage
    - SDWebImagePhotosPlugin
    - SnapKit
    - SPAlert
    - SwiftEntryKit
    - SwiftRichString
    - SwiftyJSON

SPEC CHECKSUMS:
  QuickLayout: 07b45a72b10083fee3f095990cfed1c1e7b27f0a
  SDWebImage: a7f831e1a65eb5e285e3fb046a23fcfbf08e696d
  SDWebImagePhotosPlugin: 7d52495711a00637da16bbd7098a634f524c8d7e
  SnapKit: 97b92857e3df3a0c71833cce143274bf6ef8e5eb
  SPAlert: 74762cc8a039b8937d7da1b094e30bcbbef45f8d
  SwiftEntryKit: 537c92699d6034efb1ef9c32b11e0b37c97aa589
  SwiftRichString: d61b807db1f8834c26fee92b6dd3e1be2dc5af03
  SwiftyJSON: 6faa0040f8b59dead0ee07436cbf76b73c08fd08

PODFILE CHECKSUM: 9eecfea548f1043fda9899d893ecb3ecd8c7ac2b

COCOAPODS: 1.11.2
