// !$*UTF8*$!
{
	archiveVersion = 1;
	classes = {
	};
	objectVersion = 51;
	objects = {

/* Begin PBXBuildFile section */
		4969373E2353C3D8009CA41A /* ShutterButton.swift in Sources */ = {isa = PBXBuildFile; fileRef = 4969373D2353C3D8009CA41A /* ShutterButton.swift */; };
		4999AC942353A80A00AB06A7 /* AppDelegate.swift in Sources */ = {isa = PBXBuildFile; fileRef = 4999AC932353A80A00AB06A7 /* AppDelegate.swift */; };
		4999AC962353A80A00AB06A7 /* SceneDelegate.swift in Sources */ = {isa = PBXBuildFile; fileRef = 4999AC952353A80A00AB06A7 /* SceneDelegate.swift */; };
		4999AC982353A80A00AB06A7 /* ViewController.swift in Sources */ = {isa = PBXBuildFile; fileRef = 4999AC972353A80A00AB06A7 /* ViewController.swift */; };
		4999AC9B2353A80A00AB06A7 /* Main.storyboard in Resources */ = {isa = PBXBuildFile; fileRef = 4999AC992353A80A00AB06A7 /* Main.storyboard */; };
		4999AC9D2353A81100AB06A7 /* Assets.xcassets in Resources */ = {isa = PBXBuildFile; fileRef = 4999AC9C2353A81100AB06A7 /* Assets.xcassets */; };
		4999ACA02353A81100AB06A7 /* LaunchScreen.storyboard in Resources */ = {isa = PBXBuildFile; fileRef = 4999AC9E2353A81100AB06A7 /* LaunchScreen.storyboard */; };
		E0DFC8F68C8F4CF9FF0BC59E /* Pods_Find.framework in Frameworks */ = {isa = PBXBuildFile; fileRef = 1BDD383BE4831A8EEB1C1806 /* Pods_Find.framework */; };
/* End PBXBuildFile section */

/* Begin PBXFileReference section */
		1BDD383BE4831A8EEB1C1806 /* Pods_Find.framework */ = {isa = PBXFileReference; explicitFileType = wrapper.framework; includeInIndex = 0; path = Pods_Find.framework; sourceTree = BUILT_PRODUCTS_DIR; };
		4969373D2353C3D8009CA41A /* ShutterButton.swift */ = {isa = PBXFileReference; lastKnownFileType = sourcecode.swift; path = ShutterButton.swift; sourceTree = "<group>"; };
		4999AC902353A80A00AB06A7 /* Find.app */ = {isa = PBXFileReference; explicitFileType = wrapper.application; includeInIndex = 0; path = Find.app; sourceTree = BUILT_PRODUCTS_DIR; };
		4999AC932353A80A00AB06A7 /* AppDelegate.swift */ = {isa = PBXFileReference; lastKnownFileType = sourcecode.swift; path = AppDelegate.swift; sourceTree = "<group>"; };
		4999AC952353A80A00AB06A7 /* SceneDelegate.swift */ = {isa = PBXFileReference; lastKnownFileType = sourcecode.swift; path = SceneDelegate.swift; sourceTree = "<group>"; };
		4999AC972353A80A00AB06A7 /* ViewController.swift */ = {isa = PBXFileReference; lastKnownFileType = sourcecode.swift; path = ViewController.swift; sourceTree = "<group>"; };
		4999AC9A2353A80A00AB06A7 /* Base */ = {isa = PBXFileReference; lastKnownFileType = file.storyboard; name = Base; path = Base.lproj/Main.storyboard; sourceTree = "<group>"; };
		4999AC9C2353A81100AB06A7 /* Assets.xcassets */ = {isa = PBXFileReference; lastKnownFileType = folder.assetcatalog; path = Assets.xcassets; sourceTree = "<group>"; };
		4999AC9F2353A81100AB06A7 /* Base */ = {isa = PBXFileReference; lastKnownFileType = file.storyboard; name = Base; path = Base.lproj/LaunchScreen.storyboard; sourceTree = "<group>"; };
		4999ACA12353A81100AB06A7 /* Info.plist */ = {isa = PBXFileReference; lastKnownFileType = text.plist.xml; path = Info.plist; sourceTree = "<group>"; };
		7F1B04E9888AAEC98DF2E096 /* Pods-Find.debug.xcconfig */ = {isa = PBXFileReference; includeInIndex = 1; lastKnownFileType = text.xcconfig; name = "Pods-Find.debug.xcconfig"; path = "Target Support Files/Pods-Find/Pods-Find.debug.xcconfig"; sourceTree = "<group>"; };
		E05C3167AB2FF51F44B12AE3 /* Pods-Find.release.xcconfig */ = {isa = PBXFileReference; includeInIndex = 1; lastKnownFileType = text.xcconfig; name = "Pods-Find.release.xcconfig"; path = "Target Support Files/Pods-Find/Pods-Find.release.xcconfig"; sourceTree = "<group>"; };
/* End PBXFileReference section */

/* Begin PBXFrameworksBuildPhase section */
		4999AC8D2353A80A00AB06A7 /* Frameworks */ = {
			isa = PBXFrameworksBuildPhase;
			buildActionMask = 2147483647;
			files = (
				E0DFC8F68C8F4CF9FF0BC59E /* Pods_Find.framework in Frameworks */,
			);
			runOnlyForDeploymentPostprocessing = 0;
		};
/* End PBXFrameworksBuildPhase section */

/* Begin PBXGroup section */
		496937352353C1E9009CA41A /* Modes */ = {
			isa = PBXGroup;
			children = (
				496937372353C1FD009CA41A /* Focused */,
				496937362353C1F4009CA41A /* Classic */,
			);
			path = Modes;
			sourceTree = "<group>";
		};
		496937362353C1F4009CA41A /* Classic */ = {
			isa = PBXGroup;
			children = (
			);
			path = Classic;
			sourceTree = "<group>";
		};
		496937372353C1FD009CA41A /* Focused */ = {
			isa = PBXGroup;
			children = (
			);
			path = Focused;
			sourceTree = "<group>";
		};
		496937382353C219009CA41A /* MainController */ = {
			isa = PBXGroup;
			children = (
				4969373C2353C277009CA41A /* Camera */,
				4969373A2353C241009CA41A /* History */,
				496937392353C228009CA41A /* Settings */,
			);
			path = MainController;
			sourceTree = "<group>";
		};
		496937392353C228009CA41A /* Settings */ = {
			isa = PBXGroup;
			children = (
			);
			path = Settings;
			sourceTree = "<group>";
		};
		4969373A2353C241009CA41A /* History */ = {
			isa = PBXGroup;
			children = (
			);
			path = History;
			sourceTree = "<group>";
		};
		4969373B2353C25B009CA41A /* Utilities */ = {
			isa = PBXGroup;
			children = (
				4999AC932353A80A00AB06A7 /* AppDelegate.swift */,
				4999AC952353A80A00AB06A7 /* SceneDelegate.swift */,
			);
			path = Utilities;
			sourceTree = "<group>";
		};
		4969373C2353C277009CA41A /* Camera */ = {
			isa = PBXGroup;
			children = (
				4999AC972353A80A00AB06A7 /* ViewController.swift */,
				4999AC992353A80A00AB06A7 /* Main.storyboard */,
				4999AC9E2353A81100AB06A7 /* LaunchScreen.storyboard */,
				4969373D2353C3D8009CA41A /* ShutterButton.swift */,
			);
			path = Camera;
			sourceTree = "<group>";
		};
		4999AC872353A80A00AB06A7 = {
			isa = PBXGroup;
			children = (
				4999AC922353A80A00AB06A7 /* Find */,
				4999AC912353A80A00AB06A7 /* Products */,
				F1113DDE71BB4BA2CD714E1A /* Pods */,
				D0464F2926E9ACFCA3CD293D /* Frameworks */,
			);
			sourceTree = "<group>";
		};
		4999AC912353A80A00AB06A7 /* Products */ = {
			isa = PBXGroup;
			children = (
				4999AC902353A80A00AB06A7 /* Find.app */,
			);
			name = Products;
			sourceTree = "<group>";
		};
		4999AC922353A80A00AB06A7 /* Find */ = {
			isa = PBXGroup;
			children = (
				496937382353C219009CA41A /* MainController */,
				496937352353C1E9009CA41A /* Modes */,
				4969373B2353C25B009CA41A /* Utilities */,
				4999AC9C2353A81100AB06A7 /* Assets.xcassets */,
				4999ACA12353A81100AB06A7 /* Info.plist */,
			);
			path = Find;
			sourceTree = "<group>";
		};
		D0464F2926E9ACFCA3CD293D /* Frameworks */ = {
			isa = PBXGroup;
			children = (
				1BDD383BE4831A8EEB1C1806 /* Pods_Find.framework */,
			);
			name = Frameworks;
			sourceTree = "<group>";
		};
		F1113DDE71BB4BA2CD714E1A /* Pods */ = {
			isa = PBXGroup;
			children = (
				7F1B04E9888AAEC98DF2E096 /* Pods-Find.debug.xcconfig */,
				E05C3167AB2FF51F44B12AE3 /* Pods-Find.release.xcconfig */,
			);
			path = Pods;
			sourceTree = "<group>";
		};
/* End PBXGroup section */

/* Begin PBXNativeTarget section */
		4999AC8F2353A80A00AB06A7 /* Find */ = {
			isa = PBXNativeTarget;
			buildConfigurationList = 4999ACA42353A81100AB06A7 /* Build configuration list for PBXNativeTarget "Find" */;
			buildPhases = (
				6D06741A707392F12B687239 /* [CP] Check Pods Manifest.lock */,
				4999AC8C2353A80A00AB06A7 /* Sources */,
				4999AC8D2353A80A00AB06A7 /* Frameworks */,
				4999AC8E2353A80A00AB06A7 /* Resources */,
				3314A9FA62310AC21C0C3B1B /* [CP] Embed Pods Frameworks */,
			);
			buildRules = (
			);
			dependencies = (
			);
			name = Find;
			productName = Find;
			productReference = 4999AC902353A80A00AB06A7 /* Find.app */;
			productType = "com.apple.product-type.application";
		};
/* End PBXNativeTarget section */

/* Begin PBXProject section */
		4999AC882353A80A00AB06A7 /* Project object */ = {
			isa = PBXProject;
			attributes = {
				LastSwiftUpdateCheck = 1110;
				LastUpgradeCheck = 1110;
				ORGANIZATIONNAME = Andrew;
				TargetAttributes = {
					4999AC8F2353A80A00AB06A7 = {
						CreatedOnToolsVersion = 11.1;
					};
				};
			};
			buildConfigurationList = 4999AC8B2353A80A00AB06A7 /* Build configuration list for PBXProject "Find" */;
			compatibilityVersion = "Xcode 9.3";
			developmentRegion = en;
			hasScannedForEncodings = 0;
			knownRegions = (
				en,
				Base,
			);
			mainGroup = 4999AC872353A80A00AB06A7;
			productRefGroup = 4999AC912353A80A00AB06A7 /* Products */;
			projectDirPath = "";
			projectRoot = "";
			targets = (
				4999AC8F2353A80A00AB06A7 /* Find */,
			);
		};
/* End PBXProject section */

/* Begin PBXResourcesBuildPhase section */
		4999AC8E2353A80A00AB06A7 /* Resources */ = {
			isa = PBXResourcesBuildPhase;
			buildActionMask = 2147483647;
			files = (
				4999ACA02353A81100AB06A7 /* LaunchScreen.storyboard in Resources */,
				4999AC9D2353A81100AB06A7 /* Assets.xcassets in Resources */,
				4999AC9B2353A80A00AB06A7 /* Main.storyboard in Resources */,
			);
			runOnlyForDeploymentPostprocessing = 0;
		};
/* End PBXResourcesBuildPhase section */

/* Begin PBXShellScriptBuildPhase section */
		3314A9FA62310AC21C0C3B1B /* [CP] Embed Pods Frameworks */ = {
			isa = PBXShellScriptBuildPhase;
			buildActionMask = 2147483647;
			files = (
			);
			inputFileListPaths = (
				"${PODS_ROOT}/Target Support Files/Pods-Find/Pods-Find-frameworks-${CONFIGURATION}-input-files.xcfilelist",
			);
			name = "[CP] Embed Pods Frameworks";
			outputFileListPaths = (
				"${PODS_ROOT}/Target Support Files/Pods-Find/Pods-Find-frameworks-${CONFIGURATION}-output-files.xcfilelist",
			);
			runOnlyForDeploymentPostprocessing = 0;
			shellPath = /bin/sh;
			shellScript = "\"${PODS_ROOT}/Target Support Files/Pods-Find/Pods-Find-frameworks.sh\"\n";
			showEnvVarsInLog = 0;
		};
		6D06741A707392F12B687239 /* [CP] Check Pods Manifest.lock */ = {
			isa = PBXShellScriptBuildPhase;
			buildActionMask = 2147483647;
			files = (
			);
			inputFileListPaths = (
			);
			inputPaths = (
				"${PODS_PODFILE_DIR_PATH}/Podfile.lock",
				"${PODS_ROOT}/Manifest.lock",
			);
			name = "[CP] Check Pods Manifest.lock";
			outputFileListPaths = (
			);
			outputPaths = (
				"$(DERIVED_FILE_DIR)/Pods-Find-checkManifestLockResult.txt",
			);
			runOnlyForDeploymentPostprocessing = 0;
			shellPath = /bin/sh;
			shellScript = "diff \"${PODS_PODFILE_DIR_PATH}/Podfile.lock\" \"${PODS_ROOT}/Manifest.lock\" > /dev/null\nif [ $? != 0 ] ; then\n    # print error to STDERR\n    echo \"error: The sandbox is not in sync with the Podfile.lock. Run 'pod install' or update your CocoaPods installation.\" >&2\n    exit 1\nfi\n# This output is used by Xcode 'outputs' to avoid re-running this script phase.\necho \"SUCCESS\" > \"${SCRIPT_OUTPUT_FILE_0}\"\n";
			showEnvVarsInLog = 0;
		};
/* End PBXShellScriptBuildPhase section */

/* Begin PBXSourcesBuildPhase section */
		4999AC8C2353A80A00AB06A7 /* Sources */ = {
			isa = PBXSourcesBuildPhase;
			buildActionMask = 2147483647;
			files = (
				4999AC982353A80A00AB06A7 /* ViewController.swift in Sources */,
				4969373E2353C3D8009CA41A /* ShutterButton.swift in Sources */,
				4999AC942353A80A00AB06A7 /* AppDelegate.swift in Sources */,
				4999AC962353A80A00AB06A7 /* SceneDelegate.swift in Sources */,
			);
			runOnlyForDeploymentPostprocessing = 0;
		};
/* End PBXSourcesBuildPhase section */

/* Begin PBXVariantGroup section */
		4999AC992353A80A00AB06A7 /* Main.storyboard */ = {
			isa = PBXVariantGroup;
			children = (
				4999AC9A2353A80A00AB06A7 /* Base */,
			);
			name = Main.storyboard;
			sourceTree = "<group>";
		};
		4999AC9E2353A81100AB06A7 /* LaunchScreen.storyboard */ = {
			isa = PBXVariantGroup;
			children = (
				4999AC9F2353A81100AB06A7 /* Base */,
			);
			name = LaunchScreen.storyboard;
			sourceTree = "<group>";
		};
/* End PBXVariantGroup section */

/* Begin XCBuildConfiguration section */
		4999ACA22353A81100AB06A7 /* Debug */ = {
			isa = XCBuildConfiguration;
			buildSettings = {
				ALWAYS_SEARCH_USER_PATHS = NO;
				CLANG_ANALYZER_NONNULL = YES;
				CLANG_ANALYZER_NUMBER_OBJECT_CONVERSION = YES_AGGRESSIVE;
				CLANG_CXX_LANGUAGE_STANDARD = "gnu++14";
				CLANG_CXX_LIBRARY = "libc++";
				CLANG_ENABLE_MODULES = YES;
				CLANG_ENABLE_OBJC_ARC = YES;
				CLANG_ENABLE_OBJC_WEAK = YES;
				CLANG_WARN_BLOCK_CAPTURE_AUTORELEASING = YES;
				CLANG_WARN_BOOL_CONVERSION = YES;
				CLANG_WARN_COMMA = YES;
				CLANG_WARN_CONSTANT_CONVERSION = YES;
				CLANG_WARN_DEPRECATED_OBJC_IMPLEMENTATIONS = YES;
				CLANG_WARN_DIRECT_OBJC_ISA_USAGE = YES_ERROR;
				CLANG_WARN_DOCUMENTATION_COMMENTS = YES;
				CLANG_WARN_EMPTY_BODY = YES;
				CLANG_WARN_ENUM_CONVERSION = YES;
				CLANG_WARN_INFINITE_RECURSION = YES;
				CLANG_WARN_INT_CONVERSION = YES;
				CLANG_WARN_NON_LITERAL_NULL_CONVERSION = YES;
				CLANG_WARN_OBJC_IMPLICIT_RETAIN_SELF = YES;
				CLANG_WARN_OBJC_LITERAL_CONVERSION = YES;
				CLANG_WARN_OBJC_ROOT_CLASS = YES_ERROR;
				CLANG_WARN_RANGE_LOOP_ANALYSIS = YES;
				CLANG_WARN_STRICT_PROTOTYPES = YES;
				CLANG_WARN_SUSPICIOUS_MOVE = YES;
				CLANG_WARN_UNGUARDED_AVAILABILITY = YES_AGGRESSIVE;
				CLANG_WARN_UNREACHABLE_CODE = YES;
				CLANG_WARN__DUPLICATE_METHOD_MATCH = YES;
				COPY_PHASE_STRIP = NO;
				DEBUG_INFORMATION_FORMAT = dwarf;
				ENABLE_STRICT_OBJC_MSGSEND = YES;
				ENABLE_TESTABILITY = YES;
				GCC_C_LANGUAGE_STANDARD = gnu11;
				GCC_DYNAMIC_NO_PIC = NO;
				GCC_NO_COMMON_BLOCKS = YES;
				GCC_OPTIMIZATION_LEVEL = 0;
				GCC_PREPROCESSOR_DEFINITIONS = (
					"DEBUG=1",
					"$(inherited)",
				);
				GCC_WARN_64_TO_32_BIT_CONVERSION = YES;
				GCC_WARN_ABOUT_RETURN_TYPE = YES_ERROR;
				GCC_WARN_UNDECLARED_SELECTOR = YES;
				GCC_WARN_UNINITIALIZED_AUTOS = YES_AGGRESSIVE;
				GCC_WARN_UNUSED_FUNCTION = YES;
				GCC_WARN_UNUSED_VARIABLE = YES;
				IPHONEOS_DEPLOYMENT_TARGET = 13.1;
				MTL_ENABLE_DEBUG_INFO = INCLUDE_SOURCE;
				MTL_FAST_MATH = YES;
				ONLY_ACTIVE_ARCH = YES;
				SDKROOT = iphoneos;
				SWIFT_ACTIVE_COMPILATION_CONDITIONS = DEBUG;
				SWIFT_OPTIMIZATION_LEVEL = "-Onone";
			};
			name = Debug;
		};
		4999ACA32353A81100AB06A7 /* Release */ = {
			isa = XCBuildConfiguration;
			buildSettings = {
				ALWAYS_SEARCH_USER_PATHS = NO;
				CLANG_ANALYZER_NONNULL = YES;
				CLANG_ANALYZER_NUMBER_OBJECT_CONVERSION = YES_AGGRESSIVE;
				CLANG_CXX_LANGUAGE_STANDARD = "gnu++14";
				CLANG_CXX_LIBRARY = "libc++";
				CLANG_ENABLE_MODULES = YES;
				CLANG_ENABLE_OBJC_ARC = YES;
				CLANG_ENABLE_OBJC_WEAK = YES;
				CLANG_WARN_BLOCK_CAPTURE_AUTORELEASING = YES;
				CLANG_WARN_BOOL_CONVERSION = YES;
				CLANG_WARN_COMMA = YES;
				CLANG_WARN_CONSTANT_CONVERSION = YES;
				CLANG_WARN_DEPRECATED_OBJC_IMPLEMENTATIONS = YES;
				CLANG_WARN_DIRECT_OBJC_ISA_USAGE = YES_ERROR;
				CLANG_WARN_DOCUMENTATION_COMMENTS = YES;
				CLANG_WARN_EMPTY_BODY = YES;
				CLANG_WARN_ENUM_CONVERSION = YES;
				CLANG_WARN_INFINITE_RECURSION = YES;
				CLANG_WARN_INT_CONVERSION = YES;
				CLANG_WARN_NON_LITERAL_NULL_CONVERSION = YES;
				CLANG_WARN_OBJC_IMPLICIT_RETAIN_SELF = YES;
				CLANG_WARN_OBJC_LITERAL_CONVERSION = YES;
				CLANG_WARN_OBJC_ROOT_CLASS = YES_ERROR;
				CLANG_WARN_RANGE_LOOP_ANALYSIS = YES;
				CLANG_WARN_STRICT_PROTOTYPES = YES;
				CLANG_WARN_SUSPICIOUS_MOVE = YES;
				CLANG_WARN_UNGUARDED_AVAILABILITY = YES_AGGRESSIVE;
				CLANG_WARN_UNREACHABLE_CODE = YES;
				CLANG_WARN__DUPLICATE_METHOD_MATCH = YES;
				COPY_PHASE_STRIP = NO;
				DEBUG_INFORMATION_FORMAT = "dwarf-with-dsym";
				ENABLE_NS_ASSERTIONS = NO;
				ENABLE_STRICT_OBJC_MSGSEND = YES;
				GCC_C_LANGUAGE_STANDARD = gnu11;
				GCC_NO_COMMON_BLOCKS = YES;
				GCC_WARN_64_TO_32_BIT_CONVERSION = YES;
				GCC_WARN_ABOUT_RETURN_TYPE = YES_ERROR;
				GCC_WARN_UNDECLARED_SELECTOR = YES;
				GCC_WARN_UNINITIALIZED_AUTOS = YES_AGGRESSIVE;
				GCC_WARN_UNUSED_FUNCTION = YES;
				GCC_WARN_UNUSED_VARIABLE = YES;
				IPHONEOS_DEPLOYMENT_TARGET = 13.1;
				MTL_ENABLE_DEBUG_INFO = NO;
				MTL_FAST_MATH = YES;
				SDKROOT = iphoneos;
				SWIFT_COMPILATION_MODE = wholemodule;
				SWIFT_OPTIMIZATION_LEVEL = "-O";
				VALIDATE_PRODUCT = YES;
			};
			name = Release;
		};
		4999ACA52353A81100AB06A7 /* Debug */ = {
			isa = XCBuildConfiguration;
			baseConfigurationReference = 7F1B04E9888AAEC98DF2E096 /* Pods-Find.debug.xcconfig */;
			buildSettings = {
				ASSETCATALOG_COMPILER_APPICON_NAME = AppIcon;
				CODE_SIGN_STYLE = Automatic;
				DEVELOPMENT_TEAM = YA533DMD5J;
				INFOPLIST_FILE = Find/Info.plist;
				LD_RUNPATH_SEARCH_PATHS = (
					"$(inherited)",
					"@executable_path/Frameworks",
				);
				PRODUCT_BUNDLE_IDENTIFIER = com.ktkpiano.Find;
				PRODUCT_NAME = "$(TARGET_NAME)";
				SWIFT_VERSION = 5.0;
				TARGETED_DEVICE_FAMILY = "1,2";
			};
			name = Debug;
		};
		4999ACA62353A81100AB06A7 /* Release */ = {
			isa = XCBuildConfiguration;
			baseConfigurationReference = E05C3167AB2FF51F44B12AE3 /* Pods-Find.release.xcconfig */;
			buildSettings = {
				ASSETCATALOG_COMPILER_APPICON_NAME = AppIcon;
				CODE_SIGN_STYLE = Automatic;
				DEVELOPMENT_TEAM = YA533DMD5J;
				INFOPLIST_FILE = Find/Info.plist;
				LD_RUNPATH_SEARCH_PATHS = (
					"$(inherited)",
					"@executable_path/Frameworks",
				);
				PRODUCT_BUNDLE_IDENTIFIER = com.ktkpiano.Find;
				PRODUCT_NAME = "$(TARGET_NAME)";
				SWIFT_VERSION = 5.0;
				TARGETED_DEVICE_FAMILY = "1,2";
			};
			name = Release;
		};
/* End XCBuildConfiguration section */

/* Begin XCConfigurationList section */
		4999AC8B2353A80A00AB06A7 /* Build configuration list for PBXProject "Find" */ = {
			isa = XCConfigurationList;
			buildConfigurations = (
				4999ACA22353A81100AB06A7 /* Debug */,
				4999ACA32353A81100AB06A7 /* Release */,
			);
			defaultConfigurationIsVisible = 0;
			defaultConfigurationName = Release;
		};
		4999ACA42353A81100AB06A7 /* Build configuration list for PBXNativeTarget "Find" */ = {
			isa = XCConfigurationList;
			buildConfigurations = (
				4999ACA52353A81100AB06A7 /* Debug */,
				4999ACA62353A81100AB06A7 /* Release */,
			);
			defaultConfigurationIsVisible = 0;
			defaultConfigurationName = Release;
		};
/* End XCConfigurationList section */
	};
	rootObject = 4999AC882353A80A00AB06A7 /* Project object */;
}
