// !$*UTF8*$!
{
	archiveVersion = 1;
	classes = {
	};
	objectVersion = 51;
	objects = {

/* Begin PBXBuildFile section */
		4904524C2379072F0046570D /* UpdateMatches.swift in Sources */ = {isa = PBXBuildFile; fileRef = 4904524B2379072F0046570D /* UpdateMatches.swift */; };
		4904524E2379DB270046570D /* HistoryViewController.swift in Sources */ = {isa = PBXBuildFile; fileRef = 4904524D2379DB270046570D /* HistoryViewController.swift */; };
		490452502379DF5C0046570D /* HistoryTableViewCell.swift in Sources */ = {isa = PBXBuildFile; fileRef = 4904524F2379DF5C0046570D /* HistoryTableViewCell.swift */; };
		490452522379DFD40046570D /* CollectionViewPhotoCell.swift in Sources */ = {isa = PBXBuildFile; fileRef = 490452512379DFD40046570D /* CollectionViewPhotoCell.swift */; };
		49089E1F238EFFFA0070A70C /* FooterView.swift in Sources */ = {isa = PBXBuildFile; fileRef = 49089E1E238EFFFA0070A70C /* FooterView.swift */; };
		49115089235D17EB00EC0C04 /* shutterPressed.swift in Sources */ = {isa = PBXBuildFile; fileRef = 49115088235D17EB00EC0C04 /* shutterPressed.swift */; };
		4911508B235D1A3E00EC0C04 /* BasicUtilities.swift in Sources */ = {isa = PBXBuildFile; fileRef = 4911508A235D1A3E00EC0C04 /* BasicUtilities.swift */; };
		4911508D235D51E300EC0C04 /* MatchesHUD.swift in Sources */ = {isa = PBXBuildFile; fileRef = 4911508C235D51E300EC0C04 /* MatchesHUD.swift */; };
		49115090236004E800EC0C04 /* Roboto-Light.ttf in Resources */ = {isa = PBXBuildFile; fileRef = 4911508E235E7DF100EC0C04 /* Roboto-Light.ttf */; };
		491150942363E3D300EC0C04 /* ARExtensions.swift in Sources */ = {isa = PBXBuildFile; fileRef = 491150932363E3D300EC0C04 /* ARExtensions.swift */; };
		491150962364CC2D00EC0C04 /* RectangleDetector.swift in Sources */ = {isa = PBXBuildFile; fileRef = 491150952364CC2D00EC0C04 /* RectangleDetector.swift */; };
		491150982364D25D00EC0C04 /* RectangleOverlay.swift in Sources */ = {isa = PBXBuildFile; fileRef = 491150972364D25D00EC0C04 /* RectangleOverlay.swift */; };
		4911509A2364D27B00EC0C04 /* FindInNode.swift in Sources */ = {isa = PBXBuildFile; fileRef = 491150992364D27B00EC0C04 /* FindInNode.swift */; };
		4911509C236501D900EC0C04 /* FocusVisionHandler.swift in Sources */ = {isa = PBXBuildFile; fileRef = 4911509B236501D900EC0C04 /* FocusVisionHandler.swift */; };
		4911509E236503C600EC0C04 /* GetTextFocused.swift in Sources */ = {isa = PBXBuildFile; fileRef = 4911509D236503C600EC0C04 /* GetTextFocused.swift */; };
		49368CA7239059A200B67C4A /* FullScreenViewController.swift in Sources */ = {isa = PBXBuildFile; fileRef = 49368CA6239059A200B67C4A /* FullScreenViewController.swift */; };
		49368CAD23905D3300B67C4A /* PulleyPassthroughScrollView.swift in Sources */ = {isa = PBXBuildFile; fileRef = 49368CA923905D3200B67C4A /* PulleyPassthroughScrollView.swift */; };
		49368CAE23905D3300B67C4A /* UIViewController+PulleyViewController.swift in Sources */ = {isa = PBXBuildFile; fileRef = 49368CAA23905D3200B67C4A /* UIViewController+PulleyViewController.swift */; };
		49368CAF23905D3300B67C4A /* UIView+constrainToParent.swift in Sources */ = {isa = PBXBuildFile; fileRef = 49368CAB23905D3200B67C4A /* UIView+constrainToParent.swift */; };
		49368CB023905D3300B67C4A /* PulleyViewController.swift in Sources */ = {isa = PBXBuildFile; fileRef = 49368CAC23905D3300B67C4A /* PulleyViewController.swift */; };
		49368CB223905E8E00B67C4A /* BottomSheetViewController.swift in Sources */ = {isa = PBXBuildFile; fileRef = 49368CB123905E8E00B67C4A /* BottomSheetViewController.swift */; };
		494DF11923961AC90076412D /* BDVCFind.swift in Sources */ = {isa = PBXBuildFile; fileRef = 494DF11823961AC90076412D /* BDVCFind.swift */; };
		494DF11B23961ADA0076412D /* BDVCTranscript.swift in Sources */ = {isa = PBXBuildFile; fileRef = 494DF11A23961ADA0076412D /* BDVCTranscript.swift */; };
		494DF11D23961AEB0076412D /* BDVCShare.swift in Sources */ = {isa = PBXBuildFile; fileRef = 494DF11C23961AEB0076412D /* BDVCShare.swift */; };
		494DF11F23961B4E0076412D /* BDVCInfo.swift in Sources */ = {isa = PBXBuildFile; fileRef = 494DF11E23961B4E0076412D /* BDVCInfo.swift */; };
		49517015235AC56D00E00D83 /* CollectionViewLayout.swift in Sources */ = {isa = PBXBuildFile; fileRef = 4951700B235AC56C00E00D83 /* CollectionViewLayout.swift */; };
		49517016235AC56D00E00D83 /* CollectionViewWrapper.swift in Sources */ = {isa = PBXBuildFile; fileRef = 4951700C235AC56C00E00D83 /* CollectionViewWrapper.swift */; };
		49517017235AC56D00E00D83 /* TextFieldReactor.swift in Sources */ = {isa = PBXBuildFile; fileRef = 4951700D235AC56C00E00D83 /* TextFieldReactor.swift */; };
		49517018235AC56D00E00D83 /* Theme.swift in Sources */ = {isa = PBXBuildFile; fileRef = 4951700E235AC56C00E00D83 /* Theme.swift */; };
		49517019235AC56D00E00D83 /* DataFlow.swift in Sources */ = {isa = PBXBuildFile; fileRef = 4951700F235AC56D00E00D83 /* DataFlow.swift */; };
		4951701A235AC56D00E00D83 /* CollectionViewCell.swift in Sources */ = {isa = PBXBuildFile; fileRef = 49517011235AC56D00E00D83 /* CollectionViewCell.swift */; };
		4951701B235AC56D00E00D83 /* RAMTextField.swift in Sources */ = {isa = PBXBuildFile; fileRef = 49517012235AC56D00E00D83 /* RAMTextField.swift */; };
		4951701C235AC56D00E00D83 /* RAMReel.swift in Sources */ = {isa = PBXBuildFile; fileRef = 49517013235AC56D00E00D83 /* RAMReel.swift */; };
		4951701D235AC56D00E00D83 /* GradientView.swift in Sources */ = {isa = PBXBuildFile; fileRef = 49517014235AC56D00E00D83 /* GradientView.swift */; };
		4951701F235AC8A800E00D83 /* RAMReel.h in Sources */ = {isa = PBXBuildFile; fileRef = 49517010235AC56D00E00D83 /* RAMReel.h */; };
		4957157C2368AF69007BF68B /* RippleEffect.swift in Sources */ = {isa = PBXBuildFile; fileRef = 4957157B2368AF69007BF68B /* RippleEffect.swift */; };
		4957157E2368B022007BF68B /* ViewExtensions.swift in Sources */ = {isa = PBXBuildFile; fileRef = 4957157D2368B022007BF68B /* ViewExtensions.swift */; };
		495ECCA4238A3D0B00E7D966 /* HistoryFormat.swift in Sources */ = {isa = PBXBuildFile; fileRef = 495ECCA3238A3D0B00E7D966 /* HistoryFormat.swift */; };
		495ECCA7238CF76C00E7D966 /* NewHistoryViewController.swift in Sources */ = {isa = PBXBuildFile; fileRef = 495ECCA6238CF76C00E7D966 /* NewHistoryViewController.swift */; };
		495ECCA9238CF7BD00E7D966 /* HPhotoCell.swift in Sources */ = {isa = PBXBuildFile; fileRef = 495ECCA8238CF7BD00E7D966 /* HPhotoCell.swift */; };
		495ECCAB238DB7BD00E7D966 /* TitleSupplementaryView.swift in Sources */ = {isa = PBXBuildFile; fileRef = 495ECCAA238DB7BD00E7D966 /* TitleSupplementaryView.swift */; };
		4969373E2353C3D8009CA41A /* ShutterButton.swift in Sources */ = {isa = PBXBuildFile; fileRef = 4969373D2353C3D8009CA41A /* ShutterButton.swift */; };
		4979A39023AF3A4800B09380 /* FastMode.swift in Sources */ = {isa = PBXBuildFile; fileRef = 4979A38F23AF3A4800B09380 /* FastMode.swift */; };
		4979A39323AF3C4F00B09380 /* FastVisionHandler.swift in Sources */ = {isa = PBXBuildFile; fileRef = 4979A39223AF3C4F00B09380 /* FastVisionHandler.swift */; };
		4979A39523AF3F6900B09380 /* Preview.swift in Sources */ = {isa = PBXBuildFile; fileRef = 4979A39423AF3F6900B09380 /* Preview.swift */; };
		4991344E236FDF1300B82E46 /* SettingsViewController.swift in Sources */ = {isa = PBXBuildFile; fileRef = 4991344D236FDF1200B82E46 /* SettingsViewController.swift */; };
		49913450236FE12400B82E46 /* SettingsViewExtensions.swift in Sources */ = {isa = PBXBuildFile; fileRef = 4991344F236FE12400B82E46 /* SettingsViewExtensions.swift */; };
		49913452236FE33B00B82E46 /* SettingsBasicSetup.swift in Sources */ = {isa = PBXBuildFile; fileRef = 49913451236FE33B00B82E46 /* SettingsBasicSetup.swift */; };
		4999AC942353A80A00AB06A7 /* AppDelegate.swift in Sources */ = {isa = PBXBuildFile; fileRef = 4999AC932353A80A00AB06A7 /* AppDelegate.swift */; };
		4999AC962353A80A00AB06A7 /* SceneDelegate.swift in Sources */ = {isa = PBXBuildFile; fileRef = 4999AC952353A80A00AB06A7 /* SceneDelegate.swift */; };
		4999AC982353A80A00AB06A7 /* ViewController.swift in Sources */ = {isa = PBXBuildFile; fileRef = 4999AC972353A80A00AB06A7 /* ViewController.swift */; };
		4999AC9B2353A80A00AB06A7 /* Main.storyboard in Resources */ = {isa = PBXBuildFile; fileRef = 4999AC992353A80A00AB06A7 /* Main.storyboard */; };
		4999AC9D2353A81100AB06A7 /* Assets.xcassets in Resources */ = {isa = PBXBuildFile; fileRef = 4999AC9C2353A81100AB06A7 /* Assets.xcassets */; };
		4999ACA02353A81100AB06A7 /* LaunchScreen.storyboard in Resources */ = {isa = PBXBuildFile; fileRef = 4999AC9E2353A81100AB06A7 /* LaunchScreen.storyboard */; };
		49A8EFAC237A5EFE00328D47 /* SetUpButtons.swift in Sources */ = {isa = PBXBuildFile; fileRef = 49A8EFAB237A5EFE00328D47 /* SetUpButtons.swift */; };
		49A8EFAE237A5F2800328D47 /* SetUpRamReel.swift in Sources */ = {isa = PBXBuildFile; fileRef = 49A8EFAD237A5F2800328D47 /* SetUpRamReel.swift */; };
		49B7A32D2390823C0070209F /* Colors.xcassets in Resources */ = {isa = PBXBuildFile; fileRef = 49B7A32C2390823C0070209F /* Colors.xcassets */; };
		49B7A32F2390DB810070209F /* ArrowView.swift in Sources */ = {isa = PBXBuildFile; fileRef = 49B7A32E2390DB810070209F /* ArrowView.swift */; };
		49B7A33423923E810070209F /* ZoomTransitionController.swift in Sources */ = {isa = PBXBuildFile; fileRef = 49B7A33123923E800070209F /* ZoomTransitionController.swift */; };
		49B7A33523923E810070209F /* ZoomDismissalInteractionController.swift in Sources */ = {isa = PBXBuildFile; fileRef = 49B7A33223923E800070209F /* ZoomDismissalInteractionController.swift */; };
		49B7A33623923E810070209F /* ZoomAnimator.swift in Sources */ = {isa = PBXBuildFile; fileRef = 49B7A33323923E800070209F /* ZoomAnimator.swift */; };
		49B7A33823923EBD0070209F /* PhotoPageContainerViewController.swift in Sources */ = {isa = PBXBuildFile; fileRef = 49B7A33723923EBD0070209F /* PhotoPageContainerViewController.swift */; };
		49B7A33A23923EE10070209F /* PhotoZoomViewController.swift in Sources */ = {isa = PBXBuildFile; fileRef = 49B7A33923923EE00070209F /* PhotoZoomViewController.swift */; };
		49B7A33D2393000A0070209F /* BetaController.swift in Sources */ = {isa = PBXBuildFile; fileRef = 49B7A33C2393000A0070209F /* BetaController.swift */; };
		49F7B1502353FBEE0099FA62 /* RepeatingTimer.swift in Sources */ = {isa = PBXBuildFile; fileRef = 49F7B14F2353FBEE0099FA62 /* RepeatingTimer.swift */; };
		49F7B1522353FC970099FA62 /* ProcessImage.swift in Sources */ = {isa = PBXBuildFile; fileRef = 49F7B1512353FC970099FA62 /* ProcessImage.swift */; };
		49F7B1542353FDF40099FA62 /* VisionHandler.swift in Sources */ = {isa = PBXBuildFile; fileRef = 49F7B1532353FDF40099FA62 /* VisionHandler.swift */; };
		49F7B1562353FE4B0099FA62 /* BasicSetup.swift in Sources */ = {isa = PBXBuildFile; fileRef = 49F7B1552353FE4B0099FA62 /* BasicSetup.swift */; };
		49F7B1582353FE7E0099FA62 /* TextComponent.swift in Sources */ = {isa = PBXBuildFile; fileRef = 49F7B1572353FE7E0099FA62 /* TextComponent.swift */; };
		49F7B15A2354E6F60099FA62 /* data.txt in Resources */ = {isa = PBXBuildFile; fileRef = 49F7B1592354E6F60099FA62 /* data.txt */; };
		49F7B15C2354E85F0099FA62 /* WordReader.swift in Sources */ = {isa = PBXBuildFile; fileRef = 49F7B15B2354E85F0099FA62 /* WordReader.swift */; };
		49F7B15E2356954A0099FA62 /* GetTextClassic.swift in Sources */ = {isa = PBXBuildFile; fileRef = 49F7B15D2356954A0099FA62 /* GetTextClassic.swift */; };
		49F7B1602359363E0099FA62 /* HighlightShape.swift in Sources */ = {isa = PBXBuildFile; fileRef = 49F7B15F2359363E0099FA62 /* HighlightShape.swift */; };
		E0DFC8F68C8F4CF9FF0BC59E /* Pods_Find.framework in Frameworks */ = {isa = PBXBuildFile; fileRef = 1BDD383BE4831A8EEB1C1806 /* Pods_Find.framework */; };
/* End PBXBuildFile section */

/* Begin PBXFileReference section */
		1BDD383BE4831A8EEB1C1806 /* Pods_Find.framework */ = {isa = PBXFileReference; explicitFileType = wrapper.framework; includeInIndex = 0; path = Pods_Find.framework; sourceTree = BUILT_PRODUCTS_DIR; };
		4904524B2379072F0046570D /* UpdateMatches.swift */ = {isa = PBXFileReference; lastKnownFileType = sourcecode.swift; path = UpdateMatches.swift; sourceTree = "<group>"; };
		4904524D2379DB270046570D /* HistoryViewController.swift */ = {isa = PBXFileReference; lastKnownFileType = sourcecode.swift; path = HistoryViewController.swift; sourceTree = "<group>"; };
		4904524F2379DF5C0046570D /* HistoryTableViewCell.swift */ = {isa = PBXFileReference; lastKnownFileType = sourcecode.swift; path = HistoryTableViewCell.swift; sourceTree = "<group>"; };
		490452512379DFD40046570D /* CollectionViewPhotoCell.swift */ = {isa = PBXFileReference; lastKnownFileType = sourcecode.swift; path = CollectionViewPhotoCell.swift; sourceTree = "<group>"; };
		49089E1E238EFFFA0070A70C /* FooterView.swift */ = {isa = PBXFileReference; lastKnownFileType = sourcecode.swift; path = FooterView.swift; sourceTree = "<group>"; };
		49115088235D17EB00EC0C04 /* shutterPressed.swift */ = {isa = PBXFileReference; lastKnownFileType = sourcecode.swift; path = shutterPressed.swift; sourceTree = "<group>"; };
		4911508A235D1A3E00EC0C04 /* BasicUtilities.swift */ = {isa = PBXFileReference; lastKnownFileType = sourcecode.swift; path = BasicUtilities.swift; sourceTree = "<group>"; };
		4911508C235D51E300EC0C04 /* MatchesHUD.swift */ = {isa = PBXFileReference; lastKnownFileType = sourcecode.swift; path = MatchesHUD.swift; sourceTree = "<group>"; };
		4911508E235E7DF100EC0C04 /* Roboto-Light.ttf */ = {isa = PBXFileReference; lastKnownFileType = file; path = "Roboto-Light.ttf"; sourceTree = "<group>"; };
		491150932363E3D300EC0C04 /* ARExtensions.swift */ = {isa = PBXFileReference; lastKnownFileType = sourcecode.swift; path = ARExtensions.swift; sourceTree = "<group>"; };
		491150952364CC2D00EC0C04 /* RectangleDetector.swift */ = {isa = PBXFileReference; lastKnownFileType = sourcecode.swift; path = RectangleDetector.swift; sourceTree = "<group>"; };
		491150972364D25D00EC0C04 /* RectangleOverlay.swift */ = {isa = PBXFileReference; lastKnownFileType = sourcecode.swift; path = RectangleOverlay.swift; sourceTree = "<group>"; };
		491150992364D27B00EC0C04 /* FindInNode.swift */ = {isa = PBXFileReference; lastKnownFileType = sourcecode.swift; path = FindInNode.swift; sourceTree = "<group>"; };
		4911509B236501D900EC0C04 /* FocusVisionHandler.swift */ = {isa = PBXFileReference; lastKnownFileType = sourcecode.swift; path = FocusVisionHandler.swift; sourceTree = "<group>"; };
		4911509D236503C600EC0C04 /* GetTextFocused.swift */ = {isa = PBXFileReference; lastKnownFileType = sourcecode.swift; path = GetTextFocused.swift; sourceTree = "<group>"; };
		49368CA6239059A200B67C4A /* FullScreenViewController.swift */ = {isa = PBXFileReference; lastKnownFileType = sourcecode.swift; path = FullScreenViewController.swift; sourceTree = "<group>"; };
		49368CA923905D3200B67C4A /* PulleyPassthroughScrollView.swift */ = {isa = PBXFileReference; fileEncoding = 4; lastKnownFileType = sourcecode.swift; path = PulleyPassthroughScrollView.swift; sourceTree = "<group>"; };
		49368CAA23905D3200B67C4A /* UIViewController+PulleyViewController.swift */ = {isa = PBXFileReference; fileEncoding = 4; lastKnownFileType = sourcecode.swift; path = "UIViewController+PulleyViewController.swift"; sourceTree = "<group>"; };
		49368CAB23905D3200B67C4A /* UIView+constrainToParent.swift */ = {isa = PBXFileReference; fileEncoding = 4; lastKnownFileType = sourcecode.swift; path = "UIView+constrainToParent.swift"; sourceTree = "<group>"; };
		49368CAC23905D3300B67C4A /* PulleyViewController.swift */ = {isa = PBXFileReference; fileEncoding = 4; lastKnownFileType = sourcecode.swift; path = PulleyViewController.swift; sourceTree = "<group>"; };
		49368CB123905E8E00B67C4A /* BottomSheetViewController.swift */ = {isa = PBXFileReference; lastKnownFileType = sourcecode.swift; path = BottomSheetViewController.swift; sourceTree = "<group>"; };
		494DF11823961AC90076412D /* BDVCFind.swift */ = {isa = PBXFileReference; lastKnownFileType = sourcecode.swift; path = BDVCFind.swift; sourceTree = "<group>"; };
		494DF11A23961ADA0076412D /* BDVCTranscript.swift */ = {isa = PBXFileReference; lastKnownFileType = sourcecode.swift; path = BDVCTranscript.swift; sourceTree = "<group>"; };
		494DF11C23961AEB0076412D /* BDVCShare.swift */ = {isa = PBXFileReference; lastKnownFileType = sourcecode.swift; path = BDVCShare.swift; sourceTree = "<group>"; };
		494DF11E23961B4E0076412D /* BDVCInfo.swift */ = {isa = PBXFileReference; lastKnownFileType = sourcecode.swift; path = BDVCInfo.swift; sourceTree = "<group>"; };
		4951700B235AC56C00E00D83 /* CollectionViewLayout.swift */ = {isa = PBXFileReference; fileEncoding = 4; lastKnownFileType = sourcecode.swift; path = CollectionViewLayout.swift; sourceTree = "<group>"; };
		4951700C235AC56C00E00D83 /* CollectionViewWrapper.swift */ = {isa = PBXFileReference; fileEncoding = 4; lastKnownFileType = sourcecode.swift; path = CollectionViewWrapper.swift; sourceTree = "<group>"; };
		4951700D235AC56C00E00D83 /* TextFieldReactor.swift */ = {isa = PBXFileReference; fileEncoding = 4; lastKnownFileType = sourcecode.swift; path = TextFieldReactor.swift; sourceTree = "<group>"; };
		4951700E235AC56C00E00D83 /* Theme.swift */ = {isa = PBXFileReference; fileEncoding = 4; lastKnownFileType = sourcecode.swift; path = Theme.swift; sourceTree = "<group>"; };
		4951700F235AC56D00E00D83 /* DataFlow.swift */ = {isa = PBXFileReference; fileEncoding = 4; lastKnownFileType = sourcecode.swift; path = DataFlow.swift; sourceTree = "<group>"; };
		49517010235AC56D00E00D83 /* RAMReel.h */ = {isa = PBXFileReference; fileEncoding = 4; lastKnownFileType = sourcecode.c.h; path = RAMReel.h; sourceTree = "<group>"; };
		49517011235AC56D00E00D83 /* CollectionViewCell.swift */ = {isa = PBXFileReference; fileEncoding = 4; lastKnownFileType = sourcecode.swift; path = CollectionViewCell.swift; sourceTree = "<group>"; };
		49517012235AC56D00E00D83 /* RAMTextField.swift */ = {isa = PBXFileReference; fileEncoding = 4; lastKnownFileType = sourcecode.swift; path = RAMTextField.swift; sourceTree = "<group>"; };
		49517013235AC56D00E00D83 /* RAMReel.swift */ = {isa = PBXFileReference; fileEncoding = 4; lastKnownFileType = sourcecode.swift; path = RAMReel.swift; sourceTree = "<group>"; };
		49517014235AC56D00E00D83 /* GradientView.swift */ = {isa = PBXFileReference; fileEncoding = 4; lastKnownFileType = sourcecode.swift; path = GradientView.swift; sourceTree = "<group>"; };
		4957157B2368AF69007BF68B /* RippleEffect.swift */ = {isa = PBXFileReference; lastKnownFileType = sourcecode.swift; path = RippleEffect.swift; sourceTree = "<group>"; };
		4957157D2368B022007BF68B /* ViewExtensions.swift */ = {isa = PBXFileReference; lastKnownFileType = sourcecode.swift; path = ViewExtensions.swift; sourceTree = "<group>"; };
		495ECCA3238A3D0B00E7D966 /* HistoryFormat.swift */ = {isa = PBXFileReference; lastKnownFileType = sourcecode.swift; path = HistoryFormat.swift; sourceTree = "<group>"; };
		495ECCA6238CF76C00E7D966 /* NewHistoryViewController.swift */ = {isa = PBXFileReference; lastKnownFileType = sourcecode.swift; path = NewHistoryViewController.swift; sourceTree = "<group>"; };
		495ECCA8238CF7BD00E7D966 /* HPhotoCell.swift */ = {isa = PBXFileReference; lastKnownFileType = sourcecode.swift; path = HPhotoCell.swift; sourceTree = "<group>"; };
		495ECCAA238DB7BD00E7D966 /* TitleSupplementaryView.swift */ = {isa = PBXFileReference; lastKnownFileType = sourcecode.swift; path = TitleSupplementaryView.swift; sourceTree = "<group>"; };
		4969373D2353C3D8009CA41A /* ShutterButton.swift */ = {isa = PBXFileReference; lastKnownFileType = sourcecode.swift; path = ShutterButton.swift; sourceTree = "<group>"; };
		4979A38F23AF3A4800B09380 /* FastMode.swift */ = {isa = PBXFileReference; lastKnownFileType = sourcecode.swift; path = FastMode.swift; sourceTree = "<group>"; };
		4979A39223AF3C4F00B09380 /* FastVisionHandler.swift */ = {isa = PBXFileReference; lastKnownFileType = sourcecode.swift; path = FastVisionHandler.swift; sourceTree = "<group>"; };
		4979A39423AF3F6900B09380 /* Preview.swift */ = {isa = PBXFileReference; fileEncoding = 4; lastKnownFileType = sourcecode.swift; path = Preview.swift; sourceTree = "<group>"; };
		4991344D236FDF1200B82E46 /* SettingsViewController.swift */ = {isa = PBXFileReference; lastKnownFileType = sourcecode.swift; path = SettingsViewController.swift; sourceTree = "<group>"; };
		4991344F236FE12400B82E46 /* SettingsViewExtensions.swift */ = {isa = PBXFileReference; lastKnownFileType = sourcecode.swift; path = SettingsViewExtensions.swift; sourceTree = "<group>"; };
		49913451236FE33B00B82E46 /* SettingsBasicSetup.swift */ = {isa = PBXFileReference; lastKnownFileType = sourcecode.swift; path = SettingsBasicSetup.swift; sourceTree = "<group>"; };
		4999AC902353A80A00AB06A7 /* Find.app */ = {isa = PBXFileReference; explicitFileType = wrapper.application; includeInIndex = 0; path = Find.app; sourceTree = BUILT_PRODUCTS_DIR; };
		4999AC932353A80A00AB06A7 /* AppDelegate.swift */ = {isa = PBXFileReference; lastKnownFileType = sourcecode.swift; path = AppDelegate.swift; sourceTree = "<group>"; };
		4999AC952353A80A00AB06A7 /* SceneDelegate.swift */ = {isa = PBXFileReference; lastKnownFileType = sourcecode.swift; path = SceneDelegate.swift; sourceTree = "<group>"; };
		4999AC972353A80A00AB06A7 /* ViewController.swift */ = {isa = PBXFileReference; lastKnownFileType = sourcecode.swift; path = ViewController.swift; sourceTree = "<group>"; };
		4999AC9A2353A80A00AB06A7 /* Base */ = {isa = PBXFileReference; lastKnownFileType = file.storyboard; name = Base; path = Base.lproj/Main.storyboard; sourceTree = "<group>"; };
		4999AC9C2353A81100AB06A7 /* Assets.xcassets */ = {isa = PBXFileReference; lastKnownFileType = folder.assetcatalog; path = Assets.xcassets; sourceTree = "<group>"; };
		4999AC9F2353A81100AB06A7 /* Base */ = {isa = PBXFileReference; lastKnownFileType = file.storyboard; name = Base; path = Base.lproj/LaunchScreen.storyboard; sourceTree = "<group>"; };
		4999ACA12353A81100AB06A7 /* Info.plist */ = {isa = PBXFileReference; lastKnownFileType = text.plist.xml; path = Info.plist; sourceTree = "<group>"; };
		49A8EFAB237A5EFE00328D47 /* SetUpButtons.swift */ = {isa = PBXFileReference; lastKnownFileType = sourcecode.swift; path = SetUpButtons.swift; sourceTree = "<group>"; };
		49A8EFAD237A5F2800328D47 /* SetUpRamReel.swift */ = {isa = PBXFileReference; lastKnownFileType = sourcecode.swift; path = SetUpRamReel.swift; sourceTree = "<group>"; };
		49B7A32C2390823C0070209F /* Colors.xcassets */ = {isa = PBXFileReference; lastKnownFileType = folder.assetcatalog; path = Colors.xcassets; sourceTree = "<group>"; };
		49B7A32E2390DB810070209F /* ArrowView.swift */ = {isa = PBXFileReference; lastKnownFileType = sourcecode.swift; path = ArrowView.swift; sourceTree = "<group>"; };
		49B7A33123923E800070209F /* ZoomTransitionController.swift */ = {isa = PBXFileReference; fileEncoding = 4; lastKnownFileType = sourcecode.swift; path = ZoomTransitionController.swift; sourceTree = "<group>"; };
		49B7A33223923E800070209F /* ZoomDismissalInteractionController.swift */ = {isa = PBXFileReference; fileEncoding = 4; lastKnownFileType = sourcecode.swift; path = ZoomDismissalInteractionController.swift; sourceTree = "<group>"; };
		49B7A33323923E800070209F /* ZoomAnimator.swift */ = {isa = PBXFileReference; fileEncoding = 4; lastKnownFileType = sourcecode.swift; path = ZoomAnimator.swift; sourceTree = "<group>"; };
		49B7A33723923EBD0070209F /* PhotoPageContainerViewController.swift */ = {isa = PBXFileReference; fileEncoding = 4; lastKnownFileType = sourcecode.swift; path = PhotoPageContainerViewController.swift; sourceTree = "<group>"; };
		49B7A33923923EE00070209F /* PhotoZoomViewController.swift */ = {isa = PBXFileReference; fileEncoding = 4; lastKnownFileType = sourcecode.swift; path = PhotoZoomViewController.swift; sourceTree = "<group>"; };
		49B7A33C2393000A0070209F /* BetaController.swift */ = {isa = PBXFileReference; fileEncoding = 4; lastKnownFileType = sourcecode.swift; path = BetaController.swift; sourceTree = "<group>"; };
		49F7B14F2353FBEE0099FA62 /* RepeatingTimer.swift */ = {isa = PBXFileReference; lastKnownFileType = sourcecode.swift; path = RepeatingTimer.swift; sourceTree = "<group>"; };
		49F7B1512353FC970099FA62 /* ProcessImage.swift */ = {isa = PBXFileReference; lastKnownFileType = sourcecode.swift; path = ProcessImage.swift; sourceTree = "<group>"; };
		49F7B1532353FDF40099FA62 /* VisionHandler.swift */ = {isa = PBXFileReference; lastKnownFileType = sourcecode.swift; path = VisionHandler.swift; sourceTree = "<group>"; };
		49F7B1552353FE4B0099FA62 /* BasicSetup.swift */ = {isa = PBXFileReference; lastKnownFileType = sourcecode.swift; path = BasicSetup.swift; sourceTree = "<group>"; };
		49F7B1572353FE7E0099FA62 /* TextComponent.swift */ = {isa = PBXFileReference; lastKnownFileType = sourcecode.swift; path = TextComponent.swift; sourceTree = "<group>"; };
		49F7B1592354E6F60099FA62 /* data.txt */ = {isa = PBXFileReference; fileEncoding = 4; lastKnownFileType = text; path = data.txt; sourceTree = "<group>"; };
		49F7B15B2354E85F0099FA62 /* WordReader.swift */ = {isa = PBXFileReference; fileEncoding = 4; lastKnownFileType = sourcecode.swift; path = WordReader.swift; sourceTree = "<group>"; };
		49F7B15D2356954A0099FA62 /* GetTextClassic.swift */ = {isa = PBXFileReference; lastKnownFileType = sourcecode.swift; path = GetTextClassic.swift; sourceTree = "<group>"; };
		49F7B15F2359363E0099FA62 /* HighlightShape.swift */ = {isa = PBXFileReference; lastKnownFileType = sourcecode.swift; path = HighlightShape.swift; sourceTree = "<group>"; };
		7F1B04E9888AAEC98DF2E096 /* Pods-Find.debug.xcconfig */ = {isa = PBXFileReference; includeInIndex = 1; lastKnownFileType = text.xcconfig; name = "Pods-Find.debug.xcconfig"; path = "Target Support Files/Pods-Find/Pods-Find.debug.xcconfig"; sourceTree = "<group>"; };
		E05C3167AB2FF51F44B12AE3 /* Pods-Find.release.xcconfig */ = {isa = PBXFileReference; includeInIndex = 1; lastKnownFileType = text.xcconfig; name = "Pods-Find.release.xcconfig"; path = "Target Support Files/Pods-Find/Pods-Find.release.xcconfig"; sourceTree = "<group>"; };
/* End PBXFileReference section */

/* Begin PBXFrameworksBuildPhase section */
		4999AC8D2353A80A00AB06A7 /* Frameworks */ = {
			isa = PBXFrameworksBuildPhase;
			buildActionMask = 2147483647;
			files = (
				E0DFC8F68C8F4CF9FF0BC59E /* Pods_Find.framework in Frameworks */,
			);
			runOnlyForDeploymentPostprocessing = 0;
		};
/* End PBXFrameworksBuildPhase section */

/* Begin PBXGroup section */
		4904524A237907170046570D /* Matches */ = {
			isa = PBXGroup;
			children = (
				4911508C235D51E300EC0C04 /* MatchesHUD.swift */,
				4904524B2379072F0046570D /* UpdateMatches.swift */,
			);
			path = Matches;
			sourceTree = "<group>";
		};
		492BF956237529E8001BE82F /* Setup */ = {
			isa = PBXGroup;
			children = (
				49115088235D17EB00EC0C04 /* shutterPressed.swift */,
				4969373D2353C3D8009CA41A /* ShutterButton.swift */,
				4957157B2368AF69007BF68B /* RippleEffect.swift */,
				49F7B1552353FE4B0099FA62 /* BasicSetup.swift */,
				49A8EFAB237A5EFE00328D47 /* SetUpButtons.swift */,
				49A8EFAD237A5F2800328D47 /* SetUpRamReel.swift */,
			);
			path = Setup;
			sourceTree = "<group>";
		};
		49368CA52390598000B67C4A /* FullScreen */ = {
			isa = PBXGroup;
			children = (
				494DF11723961AA50076412D /* BottomDrawerVCs */,
				49368CA6239059A200B67C4A /* FullScreenViewController.swift */,
				49368CB123905E8E00B67C4A /* BottomSheetViewController.swift */,
				49368CA823905CE800B67C4A /* BottomDrawer */,
			);
			path = FullScreen;
			sourceTree = "<group>";
		};
		49368CA823905CE800B67C4A /* BottomDrawer */ = {
			isa = PBXGroup;
			children = (
				49368CA923905D3200B67C4A /* PulleyPassthroughScrollView.swift */,
				49368CAC23905D3300B67C4A /* PulleyViewController.swift */,
				49368CAB23905D3200B67C4A /* UIView+constrainToParent.swift */,
				49368CAA23905D3200B67C4A /* UIViewController+PulleyViewController.swift */,
				49B7A32E2390DB810070209F /* ArrowView.swift */,
			);
			path = BottomDrawer;
			sourceTree = "<group>";
		};
		494DF11723961AA50076412D /* BottomDrawerVCs */ = {
			isa = PBXGroup;
			children = (
				494DF11823961AC90076412D /* BDVCFind.swift */,
				494DF11A23961ADA0076412D /* BDVCTranscript.swift */,
				494DF11C23961AEB0076412D /* BDVCShare.swift */,
				494DF11E23961B4E0076412D /* BDVCInfo.swift */,
			);
			path = BottomDrawerVCs;
			sourceTree = "<group>";
		};
		4951701E235AC5F200E00D83 /* ReelSearchBar */ = {
			isa = PBXGroup;
			children = (
				49517011235AC56D00E00D83 /* CollectionViewCell.swift */,
				4951700B235AC56C00E00D83 /* CollectionViewLayout.swift */,
				4951700C235AC56C00E00D83 /* CollectionViewWrapper.swift */,
				4951700F235AC56D00E00D83 /* DataFlow.swift */,
				49517014235AC56D00E00D83 /* GradientView.swift */,
				49517010235AC56D00E00D83 /* RAMReel.h */,
				49517013235AC56D00E00D83 /* RAMReel.swift */,
				49517012235AC56D00E00D83 /* RAMTextField.swift */,
				4951700D235AC56C00E00D83 /* TextFieldReactor.swift */,
				4951700E235AC56C00E00D83 /* Theme.swift */,
			);
			path = ReelSearchBar;
			sourceTree = "<group>";
		};
		495ECCA5238CF74500E7D966 /* New History */ = {
			isa = PBXGroup;
			children = (
				495ECCA6238CF76C00E7D966 /* NewHistoryViewController.swift */,
				495ECCA8238CF7BD00E7D966 /* HPhotoCell.swift */,
				495ECCAA238DB7BD00E7D966 /* TitleSupplementaryView.swift */,
				49089E1E238EFFFA0070A70C /* FooterView.swift */,
			);
			path = "New History";
			sourceTree = "<group>";
		};
		496937352353C1E9009CA41A /* Modes */ = {
			isa = PBXGroup;
			children = (
				4979A39123AF3B4B00B09380 /* Fast */,
				496937372353C1FD009CA41A /* Focused */,
				496937362353C1F4009CA41A /* Classic */,
			);
			path = Modes;
			sourceTree = "<group>";
		};
		496937362353C1F4009CA41A /* Classic */ = {
			isa = PBXGroup;
			children = (
				49F7B1512353FC970099FA62 /* ProcessImage.swift */,
				49F7B1532353FDF40099FA62 /* VisionHandler.swift */,
				49F7B15D2356954A0099FA62 /* GetTextClassic.swift */,
				49F7B15F2359363E0099FA62 /* HighlightShape.swift */,
			);
			path = Classic;
			sourceTree = "<group>";
		};
		496937372353C1FD009CA41A /* Focused */ = {
			isa = PBXGroup;
			children = (
				491150952364CC2D00EC0C04 /* RectangleDetector.swift */,
				491150972364D25D00EC0C04 /* RectangleOverlay.swift */,
				491150992364D27B00EC0C04 /* FindInNode.swift */,
				4911509B236501D900EC0C04 /* FocusVisionHandler.swift */,
				4911509D236503C600EC0C04 /* GetTextFocused.swift */,
			);
			path = Focused;
			sourceTree = "<group>";
		};
		496937382353C219009CA41A /* MainController */ = {
			isa = PBXGroup;
			children = (
				4969373C2353C277009CA41A /* Camera */,
				4969373A2353C241009CA41A /* History */,
				495ECCA5238CF74500E7D966 /* New History */,
				496937392353C228009CA41A /* Settings */,
				49B7A33B2392FFDA0070209F /* History Beta */,
				49368CA52390598000B67C4A /* FullScreen */,
			);
			path = MainController;
			sourceTree = "<group>";
		};
		496937392353C228009CA41A /* Settings */ = {
			isa = PBXGroup;
			children = (
				4991344D236FDF1200B82E46 /* SettingsViewController.swift */,
				4991344F236FE12400B82E46 /* SettingsViewExtensions.swift */,
				49913451236FE33B00B82E46 /* SettingsBasicSetup.swift */,
			);
			path = Settings;
			sourceTree = "<group>";
		};
		4969373A2353C241009CA41A /* History */ = {
			isa = PBXGroup;
			children = (
				4904524D2379DB270046570D /* HistoryViewController.swift */,
				4904524F2379DF5C0046570D /* HistoryTableViewCell.swift */,
				490452512379DFD40046570D /* CollectionViewPhotoCell.swift */,
				495ECCA3238A3D0B00E7D966 /* HistoryFormat.swift */,
			);
			path = History;
			sourceTree = "<group>";
		};
		4969373B2353C25B009CA41A /* Utilities */ = {
			isa = PBXGroup;
			children = (
				4911508E235E7DF100EC0C04 /* Roboto-Light.ttf */,
				49F7B1592354E6F60099FA62 /* data.txt */,
				49F7B15B2354E85F0099FA62 /* WordReader.swift */,
				4999AC932353A80A00AB06A7 /* AppDelegate.swift */,
				4999AC952353A80A00AB06A7 /* SceneDelegate.swift */,
				49F7B14F2353FBEE0099FA62 /* RepeatingTimer.swift */,
				4911508A235D1A3E00EC0C04 /* BasicUtilities.swift */,
			);
			path = Utilities;
			sourceTree = "<group>";
		};
		4969373C2353C277009CA41A /* Camera */ = {
			isa = PBXGroup;
			children = (
				496937352353C1E9009CA41A /* Modes */,
				4999AC972353A80A00AB06A7 /* ViewController.swift */,
				4999AC992353A80A00AB06A7 /* Main.storyboard */,
				4999AC9E2353A81100AB06A7 /* LaunchScreen.storyboard */,
				49F7B1572353FE7E0099FA62 /* TextComponent.swift */,
				491150932363E3D300EC0C04 /* ARExtensions.swift */,
				4957157D2368B022007BF68B /* ViewExtensions.swift */,
				4904524A237907170046570D /* Matches */,
				492BF956237529E8001BE82F /* Setup */,
				4951701E235AC5F200E00D83 /* ReelSearchBar */,
			);
			path = Camera;
			sourceTree = "<group>";
		};
		4979A39123AF3B4B00B09380 /* Fast */ = {
			isa = PBXGroup;
			children = (
				4979A39423AF3F6900B09380 /* Preview.swift */,
				4979A38F23AF3A4800B09380 /* FastMode.swift */,
				4979A39223AF3C4F00B09380 /* FastVisionHandler.swift */,
			);
			path = Fast;
			sourceTree = "<group>";
		};
		4999AC872353A80A00AB06A7 = {
			isa = PBXGroup;
			children = (
				4999AC922353A80A00AB06A7 /* Find */,
				4999AC912353A80A00AB06A7 /* Products */,
				F1113DDE71BB4BA2CD714E1A /* Pods */,
				D0464F2926E9ACFCA3CD293D /* Frameworks */,
			);
			sourceTree = "<group>";
		};
		4999AC912353A80A00AB06A7 /* Products */ = {
			isa = PBXGroup;
			children = (
				4999AC902353A80A00AB06A7 /* Find.app */,
			);
			name = Products;
			sourceTree = "<group>";
		};
		4999AC922353A80A00AB06A7 /* Find */ = {
			isa = PBXGroup;
			children = (
				496937382353C219009CA41A /* MainController */,
				4969373B2353C25B009CA41A /* Utilities */,
				4999AC9C2353A81100AB06A7 /* Assets.xcassets */,
				49B7A32C2390823C0070209F /* Colors.xcassets */,
				4999ACA12353A81100AB06A7 /* Info.plist */,
			);
			path = Find;
			sourceTree = "<group>";
		};
		49B7A33023923E800070209F /* Animation */ = {
			isa = PBXGroup;
			children = (
				49B7A33123923E800070209F /* ZoomTransitionController.swift */,
				49B7A33223923E800070209F /* ZoomDismissalInteractionController.swift */,
				49B7A33323923E800070209F /* ZoomAnimator.swift */,
			);
			path = Animation;
			sourceTree = "<group>";
		};
		49B7A33B2392FFDA0070209F /* History Beta */ = {
			isa = PBXGroup;
			children = (
				49B7A33023923E800070209F /* Animation */,
				49B7A33723923EBD0070209F /* PhotoPageContainerViewController.swift */,
				49B7A33923923EE00070209F /* PhotoZoomViewController.swift */,
				49B7A33C2393000A0070209F /* BetaController.swift */,
			);
			path = "History Beta";
			sourceTree = "<group>";
		};
		D0464F2926E9ACFCA3CD293D /* Frameworks */ = {
			isa = PBXGroup;
			children = (
				1BDD383BE4831A8EEB1C1806 /* Pods_Find.framework */,
			);
			name = Frameworks;
			sourceTree = "<group>";
		};
		F1113DDE71BB4BA2CD714E1A /* Pods */ = {
			isa = PBXGroup;
			children = (
				7F1B04E9888AAEC98DF2E096 /* Pods-Find.debug.xcconfig */,
				E05C3167AB2FF51F44B12AE3 /* Pods-Find.release.xcconfig */,
			);
			path = Pods;
			sourceTree = "<group>";
		};
/* End PBXGroup section */

/* Begin PBXNativeTarget section */
		4999AC8F2353A80A00AB06A7 /* Find */ = {
			isa = PBXNativeTarget;
			buildConfigurationList = 4999ACA42353A81100AB06A7 /* Build configuration list for PBXNativeTarget "Find" */;
			buildPhases = (
				6D06741A707392F12B687239 /* [CP] Check Pods Manifest.lock */,
				4999AC8C2353A80A00AB06A7 /* Sources */,
				4999AC8D2353A80A00AB06A7 /* Frameworks */,
				4999AC8E2353A80A00AB06A7 /* Resources */,
				3314A9FA62310AC21C0C3B1B /* [CP] Embed Pods Frameworks */,
			);
			buildRules = (
			);
			dependencies = (
			);
			name = Find;
			productName = Find;
			productReference = 4999AC902353A80A00AB06A7 /* Find.app */;
			productType = "com.apple.product-type.application";
		};
/* End PBXNativeTarget section */

/* Begin PBXProject section */
		4999AC882353A80A00AB06A7 /* Project object */ = {
			isa = PBXProject;
			attributes = {
				LastSwiftUpdateCheck = 1110;
				LastUpgradeCheck = 1110;
				ORGANIZATIONNAME = Andrew;
				TargetAttributes = {
					4999AC8F2353A80A00AB06A7 = {
						CreatedOnToolsVersion = 11.1;
					};
				};
			};
			buildConfigurationList = 4999AC8B2353A80A00AB06A7 /* Build configuration list for PBXProject "Find" */;
			compatibilityVersion = "Xcode 9.3";
			developmentRegion = en;
			hasScannedForEncodings = 0;
			knownRegions = (
				en,
				Base,
			);
			mainGroup = 4999AC872353A80A00AB06A7;
			productRefGroup = 4999AC912353A80A00AB06A7 /* Products */;
			projectDirPath = "";
			projectRoot = "";
			targets = (
				4999AC8F2353A80A00AB06A7 /* Find */,
			);
		};
/* End PBXProject section */

/* Begin PBXResourcesBuildPhase section */
		4999AC8E2353A80A00AB06A7 /* Resources */ = {
			isa = PBXResourcesBuildPhase;
			buildActionMask = 2147483647;
			files = (
				49115090236004E800EC0C04 /* Roboto-Light.ttf in Resources */,
				49F7B15A2354E6F60099FA62 /* data.txt in Resources */,
				4999ACA02353A81100AB06A7 /* LaunchScreen.storyboard in Resources */,
				49B7A32D2390823C0070209F /* Colors.xcassets in Resources */,
				4999AC9D2353A81100AB06A7 /* Assets.xcassets in Resources */,
				4999AC9B2353A80A00AB06A7 /* Main.storyboard in Resources */,
			);
			runOnlyForDeploymentPostprocessing = 0;
		};
/* End PBXResourcesBuildPhase section */

/* Begin PBXShellScriptBuildPhase section */
		3314A9FA62310AC21C0C3B1B /* [CP] Embed Pods Frameworks */ = {
			isa = PBXShellScriptBuildPhase;
			buildActionMask = 2147483647;
			files = (
			);
			inputFileListPaths = (
				"${PODS_ROOT}/Target Support Files/Pods-Find/Pods-Find-frameworks-${CONFIGURATION}-input-files.xcfilelist",
			);
			name = "[CP] Embed Pods Frameworks";
			outputFileListPaths = (
				"${PODS_ROOT}/Target Support Files/Pods-Find/Pods-Find-frameworks-${CONFIGURATION}-output-files.xcfilelist",
			);
			runOnlyForDeploymentPostprocessing = 0;
			shellPath = /bin/sh;
			shellScript = "\"${PODS_ROOT}/Target Support Files/Pods-Find/Pods-Find-frameworks.sh\"\n";
			showEnvVarsInLog = 0;
		};
		6D06741A707392F12B687239 /* [CP] Check Pods Manifest.lock */ = {
			isa = PBXShellScriptBuildPhase;
			buildActionMask = 2147483647;
			files = (
			);
			inputFileListPaths = (
			);
			inputPaths = (
				"${PODS_PODFILE_DIR_PATH}/Podfile.lock",
				"${PODS_ROOT}/Manifest.lock",
			);
			name = "[CP] Check Pods Manifest.lock";
			outputFileListPaths = (
			);
			outputPaths = (
				"$(DERIVED_FILE_DIR)/Pods-Find-checkManifestLockResult.txt",
			);
			runOnlyForDeploymentPostprocessing = 0;
			shellPath = /bin/sh;
			shellScript = "diff \"${PODS_PODFILE_DIR_PATH}/Podfile.lock\" \"${PODS_ROOT}/Manifest.lock\" > /dev/null\nif [ $? != 0 ] ; then\n    # print error to STDERR\n    echo \"error: The sandbox is not in sync with the Podfile.lock. Run 'pod install' or update your CocoaPods installation.\" >&2\n    exit 1\nfi\n# This output is used by Xcode 'outputs' to avoid re-running this script phase.\necho \"SUCCESS\" > \"${SCRIPT_OUTPUT_FILE_0}\"\n";
			showEnvVarsInLog = 0;
		};
/* End PBXShellScriptBuildPhase section */

/* Begin PBXSourcesBuildPhase section */
		4999AC8C2353A80A00AB06A7 /* Sources */ = {
			isa = PBXSourcesBuildPhase;
			buildActionMask = 2147483647;
			files = (
				4951701F235AC8A800E00D83 /* RAMReel.h in Sources */,
				49368CAF23905D3300B67C4A /* UIView+constrainToParent.swift in Sources */,
				49B7A33423923E810070209F /* ZoomTransitionController.swift in Sources */,
				4951701B235AC56D00E00D83 /* RAMTextField.swift in Sources */,
				4999AC982353A80A00AB06A7 /* ViewController.swift in Sources */,
				49B7A33523923E810070209F /* ZoomDismissalInteractionController.swift in Sources */,
				4969373E2353C3D8009CA41A /* ShutterButton.swift in Sources */,
				494DF11923961AC90076412D /* BDVCFind.swift in Sources */,
				4951701A235AC56D00E00D83 /* CollectionViewCell.swift in Sources */,
				491150942363E3D300EC0C04 /* ARExtensions.swift in Sources */,
				491150982364D25D00EC0C04 /* RectangleOverlay.swift in Sources */,
				4911508D235D51E300EC0C04 /* MatchesHUD.swift in Sources */,
				49B7A33623923E810070209F /* ZoomAnimator.swift in Sources */,
				49A8EFAC237A5EFE00328D47 /* SetUpButtons.swift in Sources */,
				495ECCAB238DB7BD00E7D966 /* TitleSupplementaryView.swift in Sources */,
				49B7A33823923EBD0070209F /* PhotoPageContainerViewController.swift in Sources */,
				49F7B15E2356954A0099FA62 /* GetTextClassic.swift in Sources */,
				49368CA7239059A200B67C4A /* FullScreenViewController.swift in Sources */,
				4999AC942353A80A00AB06A7 /* AppDelegate.swift in Sources */,
				49B7A32F2390DB810070209F /* ArrowView.swift in Sources */,
				494DF11F23961B4E0076412D /* BDVCInfo.swift in Sources */,
				491150962364CC2D00EC0C04 /* RectangleDetector.swift in Sources */,
				49913452236FE33B00B82E46 /* SettingsBasicSetup.swift in Sources */,
				494DF11D23961AEB0076412D /* BDVCShare.swift in Sources */,
				49517016235AC56D00E00D83 /* CollectionViewWrapper.swift in Sources */,
				4957157E2368B022007BF68B /* ViewExtensions.swift in Sources */,
				49517017235AC56D00E00D83 /* TextFieldReactor.swift in Sources */,
				490452502379DF5C0046570D /* HistoryTableViewCell.swift in Sources */,
				49368CB223905E8E00B67C4A /* BottomSheetViewController.swift in Sources */,
				49F7B1602359363E0099FA62 /* HighlightShape.swift in Sources */,
				49A8EFAE237A5F2800328D47 /* SetUpRamReel.swift in Sources */,
				49F7B1582353FE7E0099FA62 /* TextComponent.swift in Sources */,
				4957157C2368AF69007BF68B /* RippleEffect.swift in Sources */,
				49B7A33D2393000A0070209F /* BetaController.swift in Sources */,
				49F7B1522353FC970099FA62 /* ProcessImage.swift in Sources */,
				4951701D235AC56D00E00D83 /* GradientView.swift in Sources */,
				4911508B235D1A3E00EC0C04 /* BasicUtilities.swift in Sources */,
				4911509C236501D900EC0C04 /* FocusVisionHandler.swift in Sources */,
				49517019235AC56D00E00D83 /* DataFlow.swift in Sources */,
				49368CAE23905D3300B67C4A /* UIViewController+PulleyViewController.swift in Sources */,
				4904524C2379072F0046570D /* UpdateMatches.swift in Sources */,
				4951701C235AC56D00E00D83 /* RAMReel.swift in Sources */,
				49368CAD23905D3300B67C4A /* PulleyPassthroughScrollView.swift in Sources */,
				49115089235D17EB00EC0C04 /* shutterPressed.swift in Sources */,
				495ECCA7238CF76C00E7D966 /* NewHistoryViewController.swift in Sources */,
				4979A39523AF3F6900B09380 /* Preview.swift in Sources */,
				49517018235AC56D00E00D83 /* Theme.swift in Sources */,
				4999AC962353A80A00AB06A7 /* SceneDelegate.swift in Sources */,
				49F7B1542353FDF40099FA62 /* VisionHandler.swift in Sources */,
				4911509A2364D27B00EC0C04 /* FindInNode.swift in Sources */,
				49F7B1562353FE4B0099FA62 /* BasicSetup.swift in Sources */,
				4991344E236FDF1300B82E46 /* SettingsViewController.swift in Sources */,
				490452522379DFD40046570D /* CollectionViewPhotoCell.swift in Sources */,
				495ECCA4238A3D0B00E7D966 /* HistoryFormat.swift in Sources */,
				49B7A33A23923EE10070209F /* PhotoZoomViewController.swift in Sources */,
				49F7B15C2354E85F0099FA62 /* WordReader.swift in Sources */,
				49913450236FE12400B82E46 /* SettingsViewExtensions.swift in Sources */,
				4911509E236503C600EC0C04 /* GetTextFocused.swift in Sources */,
				495ECCA9238CF7BD00E7D966 /* HPhotoCell.swift in Sources */,
				4904524E2379DB270046570D /* HistoryViewController.swift in Sources */,
				49089E1F238EFFFA0070A70C /* FooterView.swift in Sources */,
				49517015235AC56D00E00D83 /* CollectionViewLayout.swift in Sources */,
				49F7B1502353FBEE0099FA62 /* RepeatingTimer.swift in Sources */,
				4979A39323AF3C4F00B09380 /* FastVisionHandler.swift in Sources */,
				494DF11B23961ADA0076412D /* BDVCTranscript.swift in Sources */,
				49368CB023905D3300B67C4A /* PulleyViewController.swift in Sources */,
				4979A39023AF3A4800B09380 /* FastMode.swift in Sources */,
			);
			runOnlyForDeploymentPostprocessing = 0;
		};
/* End PBXSourcesBuildPhase section */

/* Begin PBXVariantGroup section */
		4999AC992353A80A00AB06A7 /* Main.storyboard */ = {
			isa = PBXVariantGroup;
			children = (
				4999AC9A2353A80A00AB06A7 /* Base */,
			);
			name = Main.storyboard;
			sourceTree = "<group>";
		};
		4999AC9E2353A81100AB06A7 /* LaunchScreen.storyboard */ = {
			isa = PBXVariantGroup;
			children = (
				4999AC9F2353A81100AB06A7 /* Base */,
			);
			name = LaunchScreen.storyboard;
			sourceTree = "<group>";
		};
/* End PBXVariantGroup section */

/* Begin XCBuildConfiguration section */
		4999ACA22353A81100AB06A7 /* Debug */ = {
			isa = XCBuildConfiguration;
			buildSettings = {
				ALWAYS_SEARCH_USER_PATHS = NO;
				CLANG_ANALYZER_NONNULL = YES;
				CLANG_ANALYZER_NUMBER_OBJECT_CONVERSION = YES_AGGRESSIVE;
				CLANG_CXX_LANGUAGE_STANDARD = "gnu++14";
				CLANG_CXX_LIBRARY = "libc++";
				CLANG_ENABLE_MODULES = YES;
				CLANG_ENABLE_OBJC_ARC = YES;
				CLANG_ENABLE_OBJC_WEAK = YES;
				CLANG_WARN_BLOCK_CAPTURE_AUTORELEASING = YES;
				CLANG_WARN_BOOL_CONVERSION = YES;
				CLANG_WARN_COMMA = YES;
				CLANG_WARN_CONSTANT_CONVERSION = YES;
				CLANG_WARN_DEPRECATED_OBJC_IMPLEMENTATIONS = YES;
				CLANG_WARN_DIRECT_OBJC_ISA_USAGE = YES_ERROR;
				CLANG_WARN_DOCUMENTATION_COMMENTS = YES;
				CLANG_WARN_EMPTY_BODY = YES;
				CLANG_WARN_ENUM_CONVERSION = YES;
				CLANG_WARN_INFINITE_RECURSION = YES;
				CLANG_WARN_INT_CONVERSION = YES;
				CLANG_WARN_NON_LITERAL_NULL_CONVERSION = YES;
				CLANG_WARN_OBJC_IMPLICIT_RETAIN_SELF = YES;
				CLANG_WARN_OBJC_LITERAL_CONVERSION = YES;
				CLANG_WARN_OBJC_ROOT_CLASS = YES_ERROR;
				CLANG_WARN_RANGE_LOOP_ANALYSIS = YES;
				CLANG_WARN_STRICT_PROTOTYPES = YES;
				CLANG_WARN_SUSPICIOUS_MOVE = YES;
				CLANG_WARN_UNGUARDED_AVAILABILITY = YES_AGGRESSIVE;
				CLANG_WARN_UNREACHABLE_CODE = YES;
				CLANG_WARN__DUPLICATE_METHOD_MATCH = YES;
				COPY_PHASE_STRIP = NO;
				DEBUG_INFORMATION_FORMAT = dwarf;
				ENABLE_STRICT_OBJC_MSGSEND = YES;
				ENABLE_TESTABILITY = YES;
				GCC_C_LANGUAGE_STANDARD = gnu11;
				GCC_DYNAMIC_NO_PIC = NO;
				GCC_NO_COMMON_BLOCKS = YES;
				GCC_OPTIMIZATION_LEVEL = 0;
				GCC_PREPROCESSOR_DEFINITIONS = (
					"DEBUG=1",
					"$(inherited)",
				);
				GCC_WARN_64_TO_32_BIT_CONVERSION = YES;
				GCC_WARN_ABOUT_RETURN_TYPE = YES_ERROR;
				GCC_WARN_UNDECLARED_SELECTOR = YES;
				GCC_WARN_UNINITIALIZED_AUTOS = YES_AGGRESSIVE;
				GCC_WARN_UNUSED_FUNCTION = YES;
				GCC_WARN_UNUSED_VARIABLE = YES;
				IPHONEOS_DEPLOYMENT_TARGET = 13.1;
				MTL_ENABLE_DEBUG_INFO = INCLUDE_SOURCE;
				MTL_FAST_MATH = YES;
				ONLY_ACTIVE_ARCH = YES;
				SDKROOT = iphoneos;
				SWIFT_ACTIVE_COMPILATION_CONDITIONS = DEBUG;
				SWIFT_OPTIMIZATION_LEVEL = "-Onone";
			};
			name = Debug;
		};
		4999ACA32353A81100AB06A7 /* Release */ = {
			isa = XCBuildConfiguration;
			buildSettings = {
				ALWAYS_SEARCH_USER_PATHS = NO;
				CLANG_ANALYZER_NONNULL = YES;
				CLANG_ANALYZER_NUMBER_OBJECT_CONVERSION = YES_AGGRESSIVE;
				CLANG_CXX_LANGUAGE_STANDARD = "gnu++14";
				CLANG_CXX_LIBRARY = "libc++";
				CLANG_ENABLE_MODULES = YES;
				CLANG_ENABLE_OBJC_ARC = YES;
				CLANG_ENABLE_OBJC_WEAK = YES;
				CLANG_WARN_BLOCK_CAPTURE_AUTORELEASING = YES;
				CLANG_WARN_BOOL_CONVERSION = YES;
				CLANG_WARN_COMMA = YES;
				CLANG_WARN_CONSTANT_CONVERSION = YES;
				CLANG_WARN_DEPRECATED_OBJC_IMPLEMENTATIONS = YES;
				CLANG_WARN_DIRECT_OBJC_ISA_USAGE = YES_ERROR;
				CLANG_WARN_DOCUMENTATION_COMMENTS = YES;
				CLANG_WARN_EMPTY_BODY = YES;
				CLANG_WARN_ENUM_CONVERSION = YES;
				CLANG_WARN_INFINITE_RECURSION = YES;
				CLANG_WARN_INT_CONVERSION = YES;
				CLANG_WARN_NON_LITERAL_NULL_CONVERSION = YES;
				CLANG_WARN_OBJC_IMPLICIT_RETAIN_SELF = YES;
				CLANG_WARN_OBJC_LITERAL_CONVERSION = YES;
				CLANG_WARN_OBJC_ROOT_CLASS = YES_ERROR;
				CLANG_WARN_RANGE_LOOP_ANALYSIS = YES;
				CLANG_WARN_STRICT_PROTOTYPES = YES;
				CLANG_WARN_SUSPICIOUS_MOVE = YES;
				CLANG_WARN_UNGUARDED_AVAILABILITY = YES_AGGRESSIVE;
				CLANG_WARN_UNREACHABLE_CODE = YES;
				CLANG_WARN__DUPLICATE_METHOD_MATCH = YES;
				COPY_PHASE_STRIP = NO;
				DEBUG_INFORMATION_FORMAT = "dwarf-with-dsym";
				ENABLE_NS_ASSERTIONS = NO;
				ENABLE_STRICT_OBJC_MSGSEND = YES;
				GCC_C_LANGUAGE_STANDARD = gnu11;
				GCC_NO_COMMON_BLOCKS = YES;
				GCC_WARN_64_TO_32_BIT_CONVERSION = YES;
				GCC_WARN_ABOUT_RETURN_TYPE = YES_ERROR;
				GCC_WARN_UNDECLARED_SELECTOR = YES;
				GCC_WARN_UNINITIALIZED_AUTOS = YES_AGGRESSIVE;
				GCC_WARN_UNUSED_FUNCTION = YES;
				GCC_WARN_UNUSED_VARIABLE = YES;
				IPHONEOS_DEPLOYMENT_TARGET = 13.1;
				MTL_ENABLE_DEBUG_INFO = NO;
				MTL_FAST_MATH = YES;
				SDKROOT = iphoneos;
				SWIFT_COMPILATION_MODE = wholemodule;
				SWIFT_OPTIMIZATION_LEVEL = "-O";
				VALIDATE_PRODUCT = YES;
			};
			name = Release;
		};
		4999ACA52353A81100AB06A7 /* Debug */ = {
			isa = XCBuildConfiguration;
			baseConfigurationReference = 7F1B04E9888AAEC98DF2E096 /* Pods-Find.debug.xcconfig */;
			buildSettings = {
				ASSETCATALOG_COMPILER_APPICON_NAME = AppIcon;
				CODE_SIGN_STYLE = Automatic;
				DEVELOPMENT_TEAM = YA533DMD5J;
				INFOPLIST_FILE = Find/Info.plist;
				LD_RUNPATH_SEARCH_PATHS = (
					"$(inherited)",
					"@executable_path/Frameworks",
				);
				PRODUCT_BUNDLE_IDENTIFIER = com.ktkpiano.Find;
				PRODUCT_NAME = "$(TARGET_NAME)";
				SWIFT_VERSION = 5.0;
				TARGETED_DEVICE_FAMILY = "1,2";
			};
			name = Debug;
		};
		4999ACA62353A81100AB06A7 /* Release */ = {
			isa = XCBuildConfiguration;
			baseConfigurationReference = E05C3167AB2FF51F44B12AE3 /* Pods-Find.release.xcconfig */;
			buildSettings = {
				ASSETCATALOG_COMPILER_APPICON_NAME = AppIcon;
				CODE_SIGN_STYLE = Automatic;
				DEVELOPMENT_TEAM = YA533DMD5J;
				INFOPLIST_FILE = Find/Info.plist;
				LD_RUNPATH_SEARCH_PATHS = (
					"$(inherited)",
					"@executable_path/Frameworks",
				);
				PRODUCT_BUNDLE_IDENTIFIER = com.ktkpiano.Find;
				PRODUCT_NAME = "$(TARGET_NAME)";
				SWIFT_VERSION = 5.0;
				TARGETED_DEVICE_FAMILY = "1,2";
			};
			name = Release;
		};
/* End XCBuildConfiguration section */

/* Begin XCConfigurationList section */
		4999AC8B2353A80A00AB06A7 /* Build configuration list for PBXProject "Find" */ = {
			isa = XCConfigurationList;
			buildConfigurations = (
				4999ACA22353A81100AB06A7 /* Debug */,
				4999ACA32353A81100AB06A7 /* Release */,
			);
			defaultConfigurationIsVisible = 0;
			defaultConfigurationName = Release;
		};
		4999ACA42353A81100AB06A7 /* Build configuration list for PBXNativeTarget "Find" */ = {
			isa = XCConfigurationList;
			buildConfigurations = (
				4999ACA52353A81100AB06A7 /* Debug */,
				4999ACA62353A81100AB06A7 /* Release */,
			);
			defaultConfigurationIsVisible = 0;
			defaultConfigurationName = Release;
		};
/* End XCConfigurationList section */
	};
	rootObject = 4999AC882353A80A00AB06A7 /* Project object */;
}
