{
  "object": {
    "pins": [
      {
        "package": "Popovers",
        "repositoryURL": "https://github.com/aheze/Popovers",
        "state": {
          "branch": null,
          "revision": "927afee79e239ea1014087b3e5ea902f47c99143",
          "version": "1.2.0"
        }
      },
      {
        "package": "RealmDatabase",
        "repositoryURL": "https://github.com/realm/realm-core",
        "state": {
          "branch": null,
          "revision": "6b81f1a7a2d421f9e0b9e7f04e76bcf736a54409",
          "version": "11.9.0"
        }
      },
      {
        "package": "Realm",
        "repositoryURL": "https://github.com/realm/realm-swift.git",
        "state": {
          "branch": null,
          "revision": "9dff9f2862240d521ad6ad599541269177ddb993",
          "version": "10.22.0"
        }
      },
      {
        "package": "SupportDocs",
        "repositoryURL": "https://github.com/aheze/SupportDocs",
        "state": {
          "branch": "main",
          "revision": "7bbfe645de0cbb931aa71e0aca16bcc36cec75a8",
          "version": null
        }
      },
      {
        "package": "Introspect",
        "repositoryURL": "https://github.com/siteline/SwiftUI-Introspect",
        "state": {
          "branch": "master",
          "revision": "72a509c93166540c0adf8323fd2652daade7f9f6",
          "version": null
        }
      },
      {
        "package": "WhatsNewKit",
        "repositoryURL": "https://github.com/SvenTiigi/WhatsNewKit",
        "state": {
          "branch": "master",
          "revision": "8d40ce0de25a4bfe7996bef46c429c1e56a8962b",
          "version": null
        }
      }
    ]
  },
  "version": 1
}
