{
  "object": {
    "pins": [
      {
        "package": "Popovers",
        "repositoryURL": "https://github.com/aheze/Popovers",
        "state": {
          "branch": null,
          "revision": "927afee79e239ea1014087b3e5ea902f47c99143",
          "version": "1.2.0"
        }
      },
      {
        "package": "SupportDocs",
        "repositoryURL": "https://github.com/aheze/SupportDocs",
        "state": {
          "branch": "main",
          "revision": "7bbfe645de0cbb931aa71e0aca16bcc36cec75a8",
          "version": null
        }
      },
      {
        "package": "Introspect",
        "repositoryURL": "https://github.com/siteline/SwiftUI-Introspect",
        "state": {
          "branch": "master",
          "revision": "72a509c93166540c0adf8323fd2652daade7f9f6",
          "version": null
        }
      },
      {
        "package": "WhatsNewKit",
        "repositoryURL": "https://github.com/SvenTiigi/WhatsNewKit",
        "state": {
          "branch": "master",
          "revision": "2750b869363652b178eee757f54b5e7063a93ebc",
          "version": null
        }
      }
    ]
  },
  "version": 1
}
