{
  "object": {
    "pins": [
      {
        "package": "WhatsNewKit",
        "repositoryURL": "https://github.com/SvenTiigi/WhatsNewKit",
        "state": {
          "branch": "master",
          "revision": "2750b869363652b178eee757f54b5e7063a93ebc",
          "version": null
        }
      }
    ]
  },
  "version": 1
}
