// !$*UTF8*$!
{
	archiveVersion = 1;
	classes = {
	};
	objectVersion = 55;
	objects = {

/* Begin PBXBuildFile section */
		3C337946272BBB520055A73A /* AppDelegate.swift in Sources */ = {isa = PBXBuildFile; fileRef = 3C337945272BBB520055A73A /* AppDelegate.swift */; };
		3C337948272BBB520055A73A /* SceneDelegate.swift in Sources */ = {isa = PBXBuildFile; fileRef = 3C337947272BBB520055A73A /* SceneDelegate.swift */; };
		3C33794A272BBB520055A73A /* ViewController.swift in Sources */ = {isa = PBXBuildFile; fileRef = 3C337949272BBB520055A73A /* ViewController.swift */; };
		3C33794D272BBB520055A73A /* Main.storyboard in Resources */ = {isa = PBXBuildFile; fileRef = 3C33794B272BBB520055A73A /* Main.storyboard */; };
		3C33794F272BBB540055A73A /* Assets.xcassets in Resources */ = {isa = PBXBuildFile; fileRef = 3C33794E272BBB540055A73A /* Assets.xcassets */; };
		3C337952272BBB540055A73A /* LaunchScreen.storyboard in Resources */ = {isa = PBXBuildFile; fileRef = 3C337950272BBB540055A73A /* LaunchScreen.storyboard */; };
		3C33795B272BBB650055A73A /* TabBarController.framework in Frameworks */ = {isa = PBXBuildFile; fileRef = 3C33795A272BBB650055A73A /* TabBarController.framework */; };
		3C33795C272BBB650055A73A /* TabBarController.framework in Embed Frameworks */ = {isa = PBXBuildFile; fileRef = 3C33795A272BBB650055A73A /* TabBarController.framework */; settings = {ATTRIBUTES = (CodeSignOnCopy, RemoveHeadersOnCopy, ); }; };
		3C430CC8273CB0E700E19B77 /* CameraViewController.swift in Sources */ = {isa = PBXBuildFile; fileRef = 3C430CC7273CB0E700E19B77 /* CameraViewController.swift */; };
		3C80C9A327402F6300E1BFB8 /* ListsViewController.swift in Sources */ = {isa = PBXBuildFile; fileRef = 3C80C9A227402F6300E1BFB8 /* ListsViewController.swift */; };
		3CE0AB45273CC21C0021BD9C /* FlashIconView.swift in Sources */ = {isa = PBXBuildFile; fileRef = 3CE0AB44273CC21C0021BD9C /* FlashIconView.swift */; };
		3CE0AB47273E50210021BD9C /* FocusIconView.swift in Sources */ = {isa = PBXBuildFile; fileRef = 3CE0AB46273E50210021BD9C /* FocusIconView.swift */; };
		3CE0AB49273E503E0021BD9C /* Constants.swift in Sources */ = {isa = PBXBuildFile; fileRef = 3CE0AB48273E503E0021BD9C /* Constants.swift */; };
		3CE0AB4B273E526D0021BD9C /* ResultsIconView.swift in Sources */ = {isa = PBXBuildFile; fileRef = 3CE0AB4A273E526D0021BD9C /* ResultsIconView.swift */; };
		3CE0AB4D273E53900021BD9C /* SettingsIconView.swift in Sources */ = {isa = PBXBuildFile; fileRef = 3CE0AB4C273E53900021BD9C /* SettingsIconView.swift */; };
		3CE0AB51273F26D40021BD9C /* PhotosViewController.swift in Sources */ = {isa = PBXBuildFile; fileRef = 3CE0AB50273F26D40021BD9C /* PhotosViewController.swift */; };
/* End PBXBuildFile section */

/* Begin PBXCopyFilesBuildPhase section */
		3C33795D272BBB650055A73A /* Embed Frameworks */ = {
			isa = PBXCopyFilesBuildPhase;
			buildActionMask = 2147483647;
			dstPath = "";
			dstSubfolderSpec = 10;
			files = (
				3C33795C272BBB650055A73A /* TabBarController.framework in Embed Frameworks */,
			);
			name = "Embed Frameworks";
			runOnlyForDeploymentPostprocessing = 0;
		};
/* End PBXCopyFilesBuildPhase section */

/* Begin PBXFileReference section */
		3C337942272BBB520055A73A /* TabBarControllerTesting.app */ = {isa = PBXFileReference; explicitFileType = wrapper.application; includeInIndex = 0; path = TabBarControllerTesting.app; sourceTree = BUILT_PRODUCTS_DIR; };
		3C337945272BBB520055A73A /* AppDelegate.swift */ = {isa = PBXFileReference; lastKnownFileType = sourcecode.swift; path = AppDelegate.swift; sourceTree = "<group>"; };
		3C337947272BBB520055A73A /* SceneDelegate.swift */ = {isa = PBXFileReference; lastKnownFileType = sourcecode.swift; path = SceneDelegate.swift; sourceTree = "<group>"; };
		3C337949272BBB520055A73A /* ViewController.swift */ = {isa = PBXFileReference; lastKnownFileType = sourcecode.swift; path = ViewController.swift; sourceTree = "<group>"; };
		3C33794C272BBB520055A73A /* Base */ = {isa = PBXFileReference; lastKnownFileType = file.storyboard; name = Base; path = Base.lproj/Main.storyboard; sourceTree = "<group>"; };
		3C33794E272BBB540055A73A /* Assets.xcassets */ = {isa = PBXFileReference; lastKnownFileType = folder.assetcatalog; path = Assets.xcassets; sourceTree = "<group>"; };
		3C337951272BBB540055A73A /* Base */ = {isa = PBXFileReference; lastKnownFileType = file.storyboard; name = Base; path = Base.lproj/LaunchScreen.storyboard; sourceTree = "<group>"; };
		3C337953272BBB540055A73A /* Info.plist */ = {isa = PBXFileReference; lastKnownFileType = text.plist.xml; path = Info.plist; sourceTree = "<group>"; };
		3C33795A272BBB650055A73A /* TabBarController.framework */ = {isa = PBXFileReference; explicitFileType = wrapper.framework; path = TabBarController.framework; sourceTree = BUILT_PRODUCTS_DIR; };
		3C430CC7273CB0E700E19B77 /* CameraViewController.swift */ = {isa = PBXFileReference; lastKnownFileType = sourcecode.swift; path = CameraViewController.swift; sourceTree = "<group>"; };
		3C80C9A227402F6300E1BFB8 /* ListsViewController.swift */ = {isa = PBXFileReference; lastKnownFileType = sourcecode.swift; path = ListsViewController.swift; sourceTree = "<group>"; };
		3CE0AB44273CC21C0021BD9C /* FlashIconView.swift */ = {isa = PBXFileReference; lastKnownFileType = sourcecode.swift; path = FlashIconView.swift; sourceTree = "<group>"; };
		3CE0AB46273E50210021BD9C /* FocusIconView.swift */ = {isa = PBXFileReference; lastKnownFileType = sourcecode.swift; path = FocusIconView.swift; sourceTree = "<group>"; };
		3CE0AB48273E503E0021BD9C /* Constants.swift */ = {isa = PBXFileReference; lastKnownFileType = sourcecode.swift; path = Constants.swift; sourceTree = "<group>"; };
		3CE0AB4A273E526D0021BD9C /* ResultsIconView.swift */ = {isa = PBXFileReference; lastKnownFileType = sourcecode.swift; path = ResultsIconView.swift; sourceTree = "<group>"; };
		3CE0AB4C273E53900021BD9C /* SettingsIconView.swift */ = {isa = PBXFileReference; lastKnownFileType = sourcecode.swift; path = SettingsIconView.swift; sourceTree = "<group>"; };
		3CE0AB50273F26D40021BD9C /* PhotosViewController.swift */ = {isa = PBXFileReference; lastKnownFileType = sourcecode.swift; path = PhotosViewController.swift; sourceTree = "<group>"; };
/* End PBXFileReference section */

/* Begin PBXFrameworksBuildPhase section */
		3C33793F272BBB520055A73A /* Frameworks */ = {
			isa = PBXFrameworksBuildPhase;
			buildActionMask = 2147483647;
			files = (
				3C33795B272BBB650055A73A /* TabBarController.framework in Frameworks */,
			);
			runOnlyForDeploymentPostprocessing = 0;
		};
/* End PBXFrameworksBuildPhase section */

/* Begin PBXGroup section */
		3C337939272BBB520055A73A = {
			isa = PBXGroup;
			children = (
				3C337944272BBB520055A73A /* TabBarControllerTesting */,
				3C337943272BBB520055A73A /* Products */,
				3C337959272BBB640055A73A /* Frameworks */,
			);
			sourceTree = "<group>";
		};
		3C337943272BBB520055A73A /* Products */ = {
			isa = PBXGroup;
			children = (
				3C337942272BBB520055A73A /* TabBarControllerTesting.app */,
			);
			name = Products;
			sourceTree = "<group>";
		};
		3C337944272BBB520055A73A /* TabBarControllerTesting */ = {
			isa = PBXGroup;
			children = (
				3C337945272BBB520055A73A /* AppDelegate.swift */,
				3C337947272BBB520055A73A /* SceneDelegate.swift */,
				3CE0AB48273E503E0021BD9C /* Constants.swift */,
				3C337949272BBB520055A73A /* ViewController.swift */,
				3CE0AB50273F26D40021BD9C /* PhotosViewController.swift */,
				3C430CC7273CB0E700E19B77 /* CameraViewController.swift */,
				3C80C9A227402F6300E1BFB8 /* ListsViewController.swift */,
				3CE0AB4A273E526D0021BD9C /* ResultsIconView.swift */,
				3CE0AB44273CC21C0021BD9C /* FlashIconView.swift */,
				3CE0AB46273E50210021BD9C /* FocusIconView.swift */,
				3CE0AB4C273E53900021BD9C /* SettingsIconView.swift */,
				3C33794B272BBB520055A73A /* Main.storyboard */,
				3C33794E272BBB540055A73A /* Assets.xcassets */,
				3C337950272BBB540055A73A /* LaunchScreen.storyboard */,
				3C337953272BBB540055A73A /* Info.plist */,
			);
			path = TabBarControllerTesting;
			sourceTree = "<group>";
		};
		3C337959272BBB640055A73A /* Frameworks */ = {
			isa = PBXGroup;
			children = (
				3C33795A272BBB650055A73A /* TabBarController.framework */,
			);
			name = Frameworks;
			sourceTree = "<group>";
		};
/* End PBXGroup section */

/* Begin PBXNativeTarget section */
		3C337941272BBB520055A73A /* TabBarControllerTesting */ = {
			isa = PBXNativeTarget;
			buildConfigurationList = 3C337956272BBB540055A73A /* Build configuration list for PBXNativeTarget "TabBarControllerTesting" */;
			buildPhases = (
				3C33793E272BBB520055A73A /* Sources */,
				3C33793F272BBB520055A73A /* Frameworks */,
				3C337940272BBB520055A73A /* Resources */,
				3C33795D272BBB650055A73A /* Embed Frameworks */,
			);
			buildRules = (
			);
			dependencies = (
			);
			name = TabBarControllerTesting;
			productName = TabBarControllerTesting;
			productReference = 3C337942272BBB520055A73A /* TabBarControllerTesting.app */;
			productType = "com.apple.product-type.application";
		};
/* End PBXNativeTarget section */

/* Begin PBXProject section */
		3C33793A272BBB520055A73A /* Project object */ = {
			isa = PBXProject;
			attributes = {
				BuildIndependentTargetsInParallel = 1;
				LastSwiftUpdateCheck = 1300;
				LastUpgradeCheck = 1300;
				TargetAttributes = {
					3C337941272BBB520055A73A = {
						CreatedOnToolsVersion = 13.0;
					};
				};
			};
			buildConfigurationList = 3C33793D272BBB520055A73A /* Build configuration list for PBXProject "TabBarControllerTesting" */;
			compatibilityVersion = "Xcode 13.0";
			developmentRegion = en;
			hasScannedForEncodings = 0;
			knownRegions = (
				en,
				Base,
			);
			mainGroup = 3C337939272BBB520055A73A;
			productRefGroup = 3C337943272BBB520055A73A /* Products */;
			projectDirPath = "";
			projectRoot = "";
			targets = (
				3C337941272BBB520055A73A /* TabBarControllerTesting */,
			);
		};
/* End PBXProject section */

/* Begin PBXResourcesBuildPhase section */
		3C337940272BBB520055A73A /* Resources */ = {
			isa = PBXResourcesBuildPhase;
			buildActionMask = 2147483647;
			files = (
				3C337952272BBB540055A73A /* LaunchScreen.storyboard in Resources */,
				3C33794F272BBB540055A73A /* Assets.xcassets in Resources */,
				3C33794D272BBB520055A73A /* Main.storyboard in Resources */,
			);
			runOnlyForDeploymentPostprocessing = 0;
		};
/* End PBXResourcesBuildPhase section */

/* Begin PBXSourcesBuildPhase section */
		3C33793E272BBB520055A73A /* Sources */ = {
			isa = PBXSourcesBuildPhase;
			buildActionMask = 2147483647;
			files = (
				3CE0AB47273E50210021BD9C /* FocusIconView.swift in Sources */,
				3CE0AB45273CC21C0021BD9C /* FlashIconView.swift in Sources */,
				3C80C9A327402F6300E1BFB8 /* ListsViewController.swift in Sources */,
				3C33794A272BBB520055A73A /* ViewController.swift in Sources */,
				3CE0AB4D273E53900021BD9C /* SettingsIconView.swift in Sources */,
				3C430CC8273CB0E700E19B77 /* CameraViewController.swift in Sources */,
				3CE0AB49273E503E0021BD9C /* Constants.swift in Sources */,
				3C337946272BBB520055A73A /* AppDelegate.swift in Sources */,
				3CE0AB4B273E526D0021BD9C /* ResultsIconView.swift in Sources */,
				3C337948272BBB520055A73A /* SceneDelegate.swift in Sources */,
				3CE0AB51273F26D40021BD9C /* PhotosViewController.swift in Sources */,
			);
			runOnlyForDeploymentPostprocessing = 0;
		};
/* End PBXSourcesBuildPhase section */

/* Begin PBXVariantGroup section */
		3C33794B272BBB520055A73A /* Main.storyboard */ = {
			isa = PBXVariantGroup;
			children = (
				3C33794C272BBB520055A73A /* Base */,
			);
			name = Main.storyboard;
			sourceTree = "<group>";
		};
		3C337950272BBB540055A73A /* LaunchScreen.storyboard */ = {
			isa = PBXVariantGroup;
			children = (
				3C337951272BBB540055A73A /* Base */,
			);
			name = LaunchScreen.storyboard;
			sourceTree = "<group>";
		};
/* End PBXVariantGroup section */

/* Begin XCBuildConfiguration section */
		3C337954272BBB540055A73A /* Debug */ = {
			isa = XCBuildConfiguration;
			buildSettings = {
				ALWAYS_SEARCH_USER_PATHS = NO;
				CLANG_ANALYZER_NONNULL = YES;
				CLANG_ANALYZER_NUMBER_OBJECT_CONVERSION = YES_AGGRESSIVE;
				CLANG_CXX_LANGUAGE_STANDARD = "gnu++17";
				CLANG_CXX_LIBRARY = "libc++";
				CLANG_ENABLE_MODULES = YES;
				CLANG_ENABLE_OBJC_ARC = YES;
				CLANG_ENABLE_OBJC_WEAK = YES;
				CLANG_WARN_BLOCK_CAPTURE_AUTORELEASING = YES;
				CLANG_WARN_BOOL_CONVERSION = YES;
				CLANG_WARN_COMMA = YES;
				CLANG_WARN_CONSTANT_CONVERSION = YES;
				CLANG_WARN_DEPRECATED_OBJC_IMPLEMENTATIONS = YES;
				CLANG_WARN_DIRECT_OBJC_ISA_USAGE = YES_ERROR;
				CLANG_WARN_DOCUMENTATION_COMMENTS = YES;
				CLANG_WARN_EMPTY_BODY = YES;
				CLANG_WARN_ENUM_CONVERSION = YES;
				CLANG_WARN_INFINITE_RECURSION = YES;
				CLANG_WARN_INT_CONVERSION = YES;
				CLANG_WARN_NON_LITERAL_NULL_CONVERSION = YES;
				CLANG_WARN_OBJC_IMPLICIT_RETAIN_SELF = YES;
				CLANG_WARN_OBJC_LITERAL_CONVERSION = YES;
				CLANG_WARN_OBJC_ROOT_CLASS = YES_ERROR;
				CLANG_WARN_QUOTED_INCLUDE_IN_FRAMEWORK_HEADER = YES;
				CLANG_WARN_RANGE_LOOP_ANALYSIS = YES;
				CLANG_WARN_STRICT_PROTOTYPES = YES;
				CLANG_WARN_SUSPICIOUS_MOVE = YES;
				CLANG_WARN_UNGUARDED_AVAILABILITY = YES_AGGRESSIVE;
				CLANG_WARN_UNREACHABLE_CODE = YES;
				CLANG_WARN__DUPLICATE_METHOD_MATCH = YES;
				COPY_PHASE_STRIP = NO;
				DEBUG_INFORMATION_FORMAT = dwarf;
				ENABLE_STRICT_OBJC_MSGSEND = YES;
				ENABLE_TESTABILITY = YES;
				GCC_C_LANGUAGE_STANDARD = gnu11;
				GCC_DYNAMIC_NO_PIC = NO;
				GCC_NO_COMMON_BLOCKS = YES;
				GCC_OPTIMIZATION_LEVEL = 0;
				GCC_PREPROCESSOR_DEFINITIONS = (
					"DEBUG=1",
					"$(inherited)",
				);
				GCC_WARN_64_TO_32_BIT_CONVERSION = YES;
				GCC_WARN_ABOUT_RETURN_TYPE = YES_ERROR;
				GCC_WARN_UNDECLARED_SELECTOR = YES;
				GCC_WARN_UNINITIALIZED_AUTOS = YES_AGGRESSIVE;
				GCC_WARN_UNUSED_FUNCTION = YES;
				GCC_WARN_UNUSED_VARIABLE = YES;
				IPHONEOS_DEPLOYMENT_TARGET = 15.0;
				MTL_ENABLE_DEBUG_INFO = INCLUDE_SOURCE;
				MTL_FAST_MATH = YES;
				ONLY_ACTIVE_ARCH = YES;
				SDKROOT = iphoneos;
				SWIFT_ACTIVE_COMPILATION_CONDITIONS = DEBUG;
				SWIFT_OPTIMIZATION_LEVEL = "-Onone";
			};
			name = Debug;
		};
		3C337955272BBB540055A73A /* Release */ = {
			isa = XCBuildConfiguration;
			buildSettings = {
				ALWAYS_SEARCH_USER_PATHS = NO;
				CLANG_ANALYZER_NONNULL = YES;
				CLANG_ANALYZER_NUMBER_OBJECT_CONVERSION = YES_AGGRESSIVE;
				CLANG_CXX_LANGUAGE_STANDARD = "gnu++17";
				CLANG_CXX_LIBRARY = "libc++";
				CLANG_ENABLE_MODULES = YES;
				CLANG_ENABLE_OBJC_ARC = YES;
				CLANG_ENABLE_OBJC_WEAK = YES;
				CLANG_WARN_BLOCK_CAPTURE_AUTORELEASING = YES;
				CLANG_WARN_BOOL_CONVERSION = YES;
				CLANG_WARN_COMMA = YES;
				CLANG_WARN_CONSTANT_CONVERSION = YES;
				CLANG_WARN_DEPRECATED_OBJC_IMPLEMENTATIONS = YES;
				CLANG_WARN_DIRECT_OBJC_ISA_USAGE = YES_ERROR;
				CLANG_WARN_DOCUMENTATION_COMMENTS = YES;
				CLANG_WARN_EMPTY_BODY = YES;
				CLANG_WARN_ENUM_CONVERSION = YES;
				CLANG_WARN_INFINITE_RECURSION = YES;
				CLANG_WARN_INT_CONVERSION = YES;
				CLANG_WARN_NON_LITERAL_NULL_CONVERSION = YES;
				CLANG_WARN_OBJC_IMPLICIT_RETAIN_SELF = YES;
				CLANG_WARN_OBJC_LITERAL_CONVERSION = YES;
				CLANG_WARN_OBJC_ROOT_CLASS = YES_ERROR;
				CLANG_WARN_QUOTED_INCLUDE_IN_FRAMEWORK_HEADER = YES;
				CLANG_WARN_RANGE_LOOP_ANALYSIS = YES;
				CLANG_WARN_STRICT_PROTOTYPES = YES;
				CLANG_WARN_SUSPICIOUS_MOVE = YES;
				CLANG_WARN_UNGUARDED_AVAILABILITY = YES_AGGRESSIVE;
				CLANG_WARN_UNREACHABLE_CODE = YES;
				CLANG_WARN__DUPLICATE_METHOD_MATCH = YES;
				COPY_PHASE_STRIP = NO;
				DEBUG_INFORMATION_FORMAT = "dwarf-with-dsym";
				ENABLE_NS_ASSERTIONS = NO;
				ENABLE_STRICT_OBJC_MSGSEND = YES;
				GCC_C_LANGUAGE_STANDARD = gnu11;
				GCC_NO_COMMON_BLOCKS = YES;
				GCC_WARN_64_TO_32_BIT_CONVERSION = YES;
				GCC_WARN_ABOUT_RETURN_TYPE = YES_ERROR;
				GCC_WARN_UNDECLARED_SELECTOR = YES;
				GCC_WARN_UNINITIALIZED_AUTOS = YES_AGGRESSIVE;
				GCC_WARN_UNUSED_FUNCTION = YES;
				GCC_WARN_UNUSED_VARIABLE = YES;
				IPHONEOS_DEPLOYMENT_TARGET = 15.0;
				MTL_ENABLE_DEBUG_INFO = NO;
				MTL_FAST_MATH = YES;
				SDKROOT = iphoneos;
				SWIFT_COMPILATION_MODE = wholemodule;
				SWIFT_OPTIMIZATION_LEVEL = "-O";
				VALIDATE_PRODUCT = YES;
			};
			name = Release;
		};
		3C337957272BBB540055A73A /* Debug */ = {
			isa = XCBuildConfiguration;
			buildSettings = {
				ASSETCATALOG_COMPILER_APPICON_NAME = AppIcon;
				ASSETCATALOG_COMPILER_GLOBAL_ACCENT_COLOR_NAME = AccentColor;
				CODE_SIGN_STYLE = Automatic;
				CURRENT_PROJECT_VERSION = 1;
				DEVELOPMENT_TEAM = YA533DMD5J;
				GENERATE_INFOPLIST_FILE = YES;
				INFOPLIST_FILE = TabBarControllerTesting/Info.plist;
				INFOPLIST_KEY_UIApplicationSupportsIndirectInputEvents = YES;
				INFOPLIST_KEY_UILaunchStoryboardName = LaunchScreen;
				INFOPLIST_KEY_UIMainStoryboardFile = Main;
				INFOPLIST_KEY_UISupportedInterfaceOrientations_iPad = "UIInterfaceOrientationPortrait UIInterfaceOrientationPortraitUpsideDown UIInterfaceOrientationLandscapeLeft UIInterfaceOrientationLandscapeRight";
				INFOPLIST_KEY_UISupportedInterfaceOrientations_iPhone = "UIInterfaceOrientationPortrait UIInterfaceOrientationLandscapeLeft UIInterfaceOrientationLandscapeRight";
				LD_RUNPATH_SEARCH_PATHS = (
					"$(inherited)",
					"@executable_path/Frameworks",
				);
				MARKETING_VERSION = 1.0;
				PRODUCT_BUNDLE_IDENTIFIER = com.aheze.TabBarControllerTesting;
				PRODUCT_NAME = "$(TARGET_NAME)";
				SWIFT_EMIT_LOC_STRINGS = YES;
				SWIFT_VERSION = 5.0;
				TARGETED_DEVICE_FAMILY = "1,2";
			};
			name = Debug;
		};
		3C337958272BBB540055A73A /* Release */ = {
			isa = XCBuildConfiguration;
			buildSettings = {
				ASSETCATALOG_COMPILER_APPICON_NAME = AppIcon;
				ASSETCATALOG_COMPILER_GLOBAL_ACCENT_COLOR_NAME = AccentColor;
				CODE_SIGN_STYLE = Automatic;
				CURRENT_PROJECT_VERSION = 1;
				DEVELOPMENT_TEAM = YA533DMD5J;
				GENERATE_INFOPLIST_FILE = YES;
				INFOPLIST_FILE = TabBarControllerTesting/Info.plist;
				INFOPLIST_KEY_UIApplicationSupportsIndirectInputEvents = YES;
				INFOPLIST_KEY_UILaunchStoryboardName = LaunchScreen;
				INFOPLIST_KEY_UIMainStoryboardFile = Main;
				INFOPLIST_KEY_UISupportedInterfaceOrientations_iPad = "UIInterfaceOrientationPortrait UIInterfaceOrientationPortraitUpsideDown UIInterfaceOrientationLandscapeLeft UIInterfaceOrientationLandscapeRight";
				INFOPLIST_KEY_UISupportedInterfaceOrientations_iPhone = "UIInterfaceOrientationPortrait UIInterfaceOrientationLandscapeLeft UIInterfaceOrientationLandscapeRight";
				LD_RUNPATH_SEARCH_PATHS = (
					"$(inherited)",
					"@executable_path/Frameworks",
				);
				MARKETING_VERSION = 1.0;
				PRODUCT_BUNDLE_IDENTIFIER = com.aheze.TabBarControllerTesting;
				PRODUCT_NAME = "$(TARGET_NAME)";
				SWIFT_EMIT_LOC_STRINGS = YES;
				SWIFT_VERSION = 5.0;
				TARGETED_DEVICE_FAMILY = "1,2";
			};
			name = Release;
		};
/* End XCBuildConfiguration section */

/* Begin XCConfigurationList section */
		3C33793D272BBB520055A73A /* Build configuration list for PBXProject "TabBarControllerTesting" */ = {
			isa = XCConfigurationList;
			buildConfigurations = (
				3C337954272BBB540055A73A /* Debug */,
				3C337955272BBB540055A73A /* Release */,
			);
			defaultConfigurationIsVisible = 0;
			defaultConfigurationName = Release;
		};
		3C337956272BBB540055A73A /* Build configuration list for PBXNativeTarget "TabBarControllerTesting" */ = {
			isa = XCConfigurationList;
			buildConfigurations = (
				3C337957272BBB540055A73A /* Debug */,
				3C337958272BBB540055A73A /* Release */,
			);
			defaultConfigurationIsVisible = 0;
			defaultConfigurationName = Release;
		};
/* End XCConfigurationList section */
	};
	rootObject = 3C33793A272BBB520055A73A /* Project object */;
}
